// !$*UTF8*$!
{
	archiveVersion = 1;
	classes = {
	};
	objectVersion = 48;
	objects = {

/* Begin PBXBuildFile section */
		1F2393442071C12C001886DD /* AppDelegate.swift in Sources */ = {isa = PBXBuildFile; fileRef = 1F2393432071C12C001886DD /* AppDelegate.swift */; };
		1F2393462071C12C001886DD /* ViewController.swift in Sources */ = {isa = PBXBuildFile; fileRef = 1F2393452071C12C001886DD /* ViewController.swift */; };
		1F2393492071C12C001886DD /* Main.storyboard in Resources */ = {isa = PBXBuildFile; fileRef = 1F2393472071C12C001886DD /* Main.storyboard */; };
		1F23934B2071C12C001886DD /* Assets.xcassets in Resources */ = {isa = PBXBuildFile; fileRef = 1F23934A2071C12C001886DD /* Assets.xcassets */; };
		1F23934E2071C12C001886DD /* LaunchScreen.storyboard in Resources */ = {isa = PBXBuildFile; fileRef = 1F23934C2071C12C001886DD /* LaunchScreen.storyboard */; };
		1F2393662071C169001886DD /* AVFoundation.framework in Frameworks */ = {isa = PBXBuildFile; fileRef = 1F2393652071C169001886DD /* AVFoundation.framework */; };
		1F2393682071C16D001886DD /* CoreAudio.framework in Frameworks */ = {isa = PBXBuildFile; fileRef = 1F2393672071C16D001886DD /* CoreAudio.framework */; };
		1F23936D2071C2DB001886DD /* sample_iPod.m4v in Resources */ = {isa = PBXBuildFile; fileRef = 1F23936C2071C2DB001886DD /* sample_iPod.m4v */; };
		1F2393772071F51C001886DD /* GPUImage.framework in CopyFiles */ = {isa = PBXBuildFile; fileRef = 1F2393612071C155001886DD /* GPUImage.framework */; settings = {ATTRIBUTES = (CodeSignOnCopy, RemoveHeadersOnCopy, ); }; };
		1F2393792071FCB1001886DD /* Assets-iOS.xcassets in Resources */ = {isa = PBXBuildFile; fileRef = 1F2393782071FCB1001886DD /* Assets-iOS.xcassets */; };
		1F23937B2071FCDB001886DD /* lookup_miss_etikate.png in Resources */ = {isa = PBXBuildFile; fileRef = 1F23937A2071FCDA001886DD /* lookup_miss_etikate.png */; };
/* End PBXBuildFile section */

/* Begin PBXContainerItemProxy section */
		1F23935C2071C155001886DD /* PBXContainerItemProxy */ = {
			isa = PBXContainerItemProxy;
			containerPortal = 1F2393552071C155001886DD /* GPUImage.xcodeproj */;
			proxyType = 2;
			remoteGlobalIDString = BC6E7CAB1C39A9D8006DF678;
			remoteInfo = GPUImage_macOS;
		};
		1F23935E2071C155001886DD /* PBXContainerItemProxy */ = {
			isa = PBXContainerItemProxy;
			containerPortal = 1F2393552071C155001886DD /* GPUImage.xcodeproj */;
			proxyType = 2;
			remoteGlobalIDString = BC6E7CB51C39A9D8006DF678;
			remoteInfo = GPUImageTests_macOS;
		};
		1F2393602071C155001886DD /* PBXContainerItemProxy */ = {
			isa = PBXContainerItemProxy;
			containerPortal = 1F2393552071C155001886DD /* GPUImage.xcodeproj */;
			proxyType = 2;
			remoteGlobalIDString = BC9E34E91E524A2200B8604F;
			remoteInfo = GPUImage_iOS;
		};
		1F2393622071C155001886DD /* PBXContainerItemProxy */ = {
			isa = PBXContainerItemProxy;
			containerPortal = 1F2393552071C155001886DD /* GPUImage.xcodeproj */;
			proxyType = 2;
			remoteGlobalIDString = BC9E34F11E524A2200B8604F;
			remoteInfo = GPUImageTests_iOS;
		};
		1F23936A2071C29D001886DD /* PBXContainerItemProxy */ = {
			isa = PBXContainerItemProxy;
			containerPortal = 1F2393552071C155001886DD /* GPUImage.xcodeproj */;
			proxyType = 1;
			remoteGlobalIDString = BC9E34E81E524A2200B8604F;
			remoteInfo = GPUImage_iOS;
		};
/* End PBXContainerItemProxy section */

/* Begin PBXCopyFilesBuildPhase section */
		1F2393762071F506001886DD /* CopyFiles */ = {
			isa = PBXCopyFilesBuildPhase;
			buildActionMask = 2147483647;
			dstPath = "";
			dstSubfolderSpec = 10;
			files = (
				1F2393772071F51C001886DD /* GPUImage.framework in CopyFiles */,
			);
			runOnlyForDeploymentPostprocessing = 0;
		};
/* End PBXCopyFilesBuildPhase section */

/* Begin PBXFileReference section */
		1F2393402071C12C001886DD /* SimpleMovieEncoding.app */ = {isa = PBXFileReference; explicitFileType = wrapper.application; includeInIndex = 0; path = SimpleMovieEncoding.app; sourceTree = BUILT_PRODUCTS_DIR; };
		1F2393432071C12C001886DD /* AppDelegate.swift */ = {isa = PBXFileReference; lastKnownFileType = sourcecode.swift; path = AppDelegate.swift; sourceTree = "<group>"; };
		1F2393452071C12C001886DD /* ViewController.swift */ = {isa = PBXFileReference; lastKnownFileType = sourcecode.swift; path = ViewController.swift; sourceTree = "<group>"; };
		1F2393482071C12C001886DD /* Base */ = {isa = PBXFileReference; lastKnownFileType = file.storyboard; name = Base; path = Base.lproj/Main.storyboard; sourceTree = "<group>"; };
		1F23934A2071C12C001886DD /* Assets.xcassets */ = {isa = PBXFileReference; lastKnownFileType = folder.assetcatalog; path = Assets.xcassets; sourceTree = "<group>"; };
		1F23934D2071C12C001886DD /* Base */ = {isa = PBXFileReference; lastKnownFileType = file.storyboard; name = Base; path = Base.lproj/LaunchScreen.storyboard; sourceTree = "<group>"; };
		1F23934F2071C12C001886DD /* Info.plist */ = {isa = PBXFileReference; lastKnownFileType = text.plist.xml; path = Info.plist; sourceTree = "<group>"; };
		1F2393552071C155001886DD /* GPUImage.xcodeproj */ = {isa = PBXFileReference; lastKnownFileType = "wrapper.pb-project"; name = GPUImage.xcodeproj; path = ../../../../framework/GPUImage.xcodeproj; sourceTree = "<group>"; };
		1F2393652071C169001886DD /* AVFoundation.framework */ = {isa = PBXFileReference; lastKnownFileType = wrapper.framework; name = AVFoundation.framework; path = System/Library/Frameworks/AVFoundation.framework; sourceTree = SDKROOT; };
		1F2393672071C16D001886DD /* CoreAudio.framework */ = {isa = PBXFileReference; lastKnownFileType = wrapper.framework; name = CoreAudio.framework; path = System/Library/Frameworks/CoreAudio.framework; sourceTree = SDKROOT; };
		1F23936C2071C2DB001886DD /* sample_iPod.m4v */ = {isa = PBXFileReference; lastKnownFileType = file; name = sample_iPod.m4v; path = ../../../SharedAssets/sample_iPod.m4v; sourceTree = "<group>"; };
		1F2393782071FCB1001886DD /* Assets-iOS.xcassets */ = {isa = PBXFileReference; lastKnownFileType = folder.assetcatalog; name = "Assets-iOS.xcassets"; path = "../../../SharedAssets/Assets-iOS.xcassets"; sourceTree = "<group>"; };
		1F23937A2071FCDA001886DD /* lookup_miss_etikate.png */ = {isa = PBXFileReference; lastKnownFileType = image.png; path = lookup_miss_etikate.png; sourceTree = "<group>"; };
/* End PBXFileReference section */

/* Begin PBXFrameworksBuildPhase section */
		1F23933D2071C12C001886DD /* Frameworks */ = {
			isa = PBXFrameworksBuildPhase;
			buildActionMask = 2147483647;
			files = (
				1F2393682071C16D001886DD /* CoreAudio.framework in Frameworks */,
				1F2393662071C169001886DD /* AVFoundation.framework in Frameworks */,
			);
			runOnlyForDeploymentPostprocessing = 0;
		};
/* End PBXFrameworksBuildPhase section */

/* Begin PBXGroup section */
		1F2393372071C12C001886DD = {
			isa = PBXGroup;
			children = (
				1F2393422071C12C001886DD /* SimpleMovieEncoding */,
				1F2393412071C12C001886DD /* Products */,
				1F2393642071C169001886DD /* Frameworks */,
			);
			sourceTree = "<group>";
		};
		1F2393412071C12C001886DD /* Products */ = {
			isa = PBXGroup;
			children = (
				1F2393402071C12C001886DD /* SimpleMovieEncoding.app */,
			);
			name = Products;
			sourceTree = "<group>";
		};
		1F2393422071C12C001886DD /* SimpleMovieEncoding */ = {
			isa = PBXGroup;
			children = (
				1F2393432071C12C001886DD /* AppDelegate.swift */,
				1F2393452071C12C001886DD /* ViewController.swift */,
				1F2393472071C12C001886DD /* Main.storyboard */,
				1F2393552071C155001886DD /* GPUImage.xcodeproj */,
				1F23934A2071C12C001886DD /* Assets.xcassets */,
				1F2393782071FCB1001886DD /* Assets-iOS.xcassets */,
				1F23934C2071C12C001886DD /* LaunchScreen.storyboard */,
				1F23937A2071FCDA001886DD /* lookup_miss_etikate.png */,
				1F23936C2071C2DB001886DD /* sample_iPod.m4v */,
				1F23934F2071C12C001886DD /* Info.plist */,
			);
			path = SimpleMovieEncoding;
			sourceTree = "<group>";
		};
		1F2393562071C155001886DD /* Products */ = {
			isa = PBXGroup;
			children = (
				1F23935D2071C155001886DD /* GPUImage.framework */,
				1F23935F2071C155001886DD /* GPUImageTests_macOS.xctest */,
				1F2393612071C155001886DD /* GPUImage.framework */,
				1F2393632071C155001886DD /* GPUImageTests_iOS.xctest */,
			);
			name = Products;
			sourceTree = "<group>";
		};
		1F2393642071C169001886DD /* Frameworks */ = {
			isa = PBXGroup;
			children = (
				1F2393672071C16D001886DD /* CoreAudio.framework */,
				1F2393652071C169001886DD /* AVFoundation.framework */,
			);
			name = Frameworks;
			sourceTree = "<group>";
		};
/* End PBXGroup section */

/* Begin PBXNativeTarget section */
		1F23933F2071C12C001886DD /* SimpleMovieEncoding */ = {
			isa = PBXNativeTarget;
			buildConfigurationList = 1F2393522071C12C001886DD /* Build configuration list for PBXNativeTarget "SimpleMovieEncoding" */;
			buildPhases = (
				1F23933C2071C12C001886DD /* Sources */,
				1F23933D2071C12C001886DD /* Frameworks */,
				1F23933E2071C12C001886DD /* Resources */,
				1F2393762071F506001886DD /* CopyFiles */,
			);
			buildRules = (
			);
			dependencies = (
				1F23936B2071C29D001886DD /* PBXTargetDependency */,
			);
			name = SimpleMovieEncoding;
			productName = SimpleMovieEncoding;
			productReference = 1F2393402071C12C001886DD /* SimpleMovieEncoding.app */;
			productType = "com.apple.product-type.application";
		};
/* End PBXNativeTarget section */

/* Begin PBXProject section */
		1F2393382071C12C001886DD /* Project object */ = {
			isa = PBXProject;
			attributes = {
				LastSwiftUpdateCheck = 0920;
				LastUpgradeCheck = 1010;
				ORGANIZATIONNAME = "Sunset Lake Software LLC";
				TargetAttributes = {
					1F23933F2071C12C001886DD = {
						CreatedOnToolsVersion = 9.2;
						LastSwiftMigration = 1010;
						ProvisioningStyle = Automatic;
					};
				};
			};
			buildConfigurationList = 1F23933B2071C12C001886DD /* Build configuration list for PBXProject "SimpleMovieEncoding" */;
			compatibilityVersion = "Xcode 8.0";
			developmentRegion = en;
			hasScannedForEncodings = 0;
			knownRegions = (
				en,
				Base,
			);
			mainGroup = 1F2393372071C12C001886DD;
			productRefGroup = 1F2393412071C12C001886DD /* Products */;
			projectDirPath = "";
			projectReferences = (
				{
					ProductGroup = 1F2393562071C155001886DD /* Products */;
					ProjectRef = 1F2393552071C155001886DD /* GPUImage.xcodeproj */;
				},
			);
			projectRoot = "";
			targets = (
				1F23933F2071C12C001886DD /* SimpleMovieEncoding */,
			);
		};
/* End PBXProject section */

/* Begin PBXReferenceProxy section */
		1F23935D2071C155001886DD /* GPUImage.framework */ = {
			isa = PBXReferenceProxy;
			fileType = wrapper.framework;
			path = GPUImage.framework;
			remoteRef = 1F23935C2071C155001886DD /* PBXContainerItemProxy */;
			sourceTree = BUILT_PRODUCTS_DIR;
		};
		1F23935F2071C155001886DD /* GPUImageTests_macOS.xctest */ = {
			isa = PBXReferenceProxy;
			fileType = wrapper.cfbundle;
			path = GPUImageTests_macOS.xctest;
			remoteRef = 1F23935E2071C155001886DD /* PBXContainerItemProxy */;
			sourceTree = BUILT_PRODUCTS_DIR;
		};
		1F2393612071C155001886DD /* GPUImage.framework */ = {
			isa = PBXReferenceProxy;
			fileType = wrapper.framework;
			path = GPUImage.framework;
			remoteRef = 1F2393602071C155001886DD /* PBXContainerItemProxy */;
			sourceTree = BUILT_PRODUCTS_DIR;
		};
		1F2393632071C155001886DD /* GPUImageTests_iOS.xctest */ = {
			isa = PBXReferenceProxy;
			fileType = wrapper.cfbundle;
			path = GPUImageTests_iOS.xctest;
			remoteRef = 1F2393622071C155001886DD /* PBXContainerItemProxy */;
			sourceTree = BUILT_PRODUCTS_DIR;
		};
/* End PBXReferenceProxy section */

/* Begin PBXResourcesBuildPhase section */
		1F23933E2071C12C001886DD /* Resources */ = {
			isa = PBXResourcesBuildPhase;
			buildActionMask = 2147483647;
			files = (
				1F23934E2071C12C001886DD /* LaunchScreen.storyboard in Resources */,
				1F23936D2071C2DB001886DD /* sample_iPod.m4v in Resources */,
				1F23934B2071C12C001886DD /* Assets.xcassets in Resources */,
				1F2393492071C12C001886DD /* Main.storyboard in Resources */,
				1F2393792071FCB1001886DD /* Assets-iOS.xcassets in Resources */,
				1F23937B2071FCDB001886DD /* lookup_miss_etikate.png in Resources */,
			);
			runOnlyForDeploymentPostprocessing = 0;
		};
/* End PBXResourcesBuildPhase section */

/* Begin PBXSourcesBuildPhase section */
		1F23933C2071C12C001886DD /* Sources */ = {
			isa = PBXSourcesBuildPhase;
			buildActionMask = 2147483647;
			files = (
				1F2393462071C12C001886DD /* ViewController.swift in Sources */,
				1F2393442071C12C001886DD /* AppDelegate.swift in Sources */,
			);
			runOnlyForDeploymentPostprocessing = 0;
		};
/* End PBXSourcesBuildPhase section */

/* Begin PBXTargetDependency section */
		1F23936B2071C29D001886DD /* PBXTargetDependency */ = {
			isa = PBXTargetDependency;
			name = GPUImage_iOS;
			targetProxy = 1F23936A2071C29D001886DD /* PBXContainerItemProxy */;
		};
/* End PBXTargetDependency section */

/* Begin PBXVariantGroup section */
		1F2393472071C12C001886DD /* Main.storyboard */ = {
			isa = PBXVariantGroup;
			children = (
				1F2393482071C12C001886DD /* Base */,
			);
			name = Main.storyboard;
			sourceTree = "<group>";
		};
		1F23934C2071C12C001886DD /* LaunchScreen.storyboard */ = {
			isa = PBXVariantGroup;
			children = (
				1F23934D2071C12C001886DD /* Base */,
			);
			name = LaunchScreen.storyboard;
			sourceTree = "<group>";
		};
/* End PBXVariantGroup section */

/* Begin XCBuildConfiguration section */
		1F2393502071C12C001886DD /* Debug */ = {
			isa = XCBuildConfiguration;
			buildSettings = {
				ALWAYS_SEARCH_USER_PATHS = NO;
				CLANG_ANALYZER_NONNULL = YES;
				CLANG_ANALYZER_NUMBER_OBJECT_CONVERSION = YES_AGGRESSIVE;
				CLANG_CXX_LANGUAGE_STANDARD = "gnu++14";
				CLANG_CXX_LIBRARY = "libc++";
				CLANG_ENABLE_MODULES = YES;
				CLANG_ENABLE_OBJC_ARC = YES;
				CLANG_WARN_BLOCK_CAPTURE_AUTORELEASING = YES;
				CLANG_WARN_BOOL_CONVERSION = YES;
				CLANG_WARN_COMMA = YES;
				CLANG_WARN_CONSTANT_CONVERSION = YES;
				CLANG_WARN_DEPRECATED_OBJC_IMPLEMENTATIONS = YES;
				CLANG_WARN_DIRECT_OBJC_ISA_USAGE = YES_ERROR;
				CLANG_WARN_DOCUMENTATION_COMMENTS = YES;
				CLANG_WARN_EMPTY_BODY = YES;
				CLANG_WARN_ENUM_CONVERSION = YES;
				CLANG_WARN_INFINITE_RECURSION = YES;
				CLANG_WARN_INT_CONVERSION = YES;
				CLANG_WARN_NON_LITERAL_NULL_CONVERSION = YES;
				CLANG_WARN_OBJC_IMPLICIT_RETAIN_SELF = YES;
				CLANG_WARN_OBJC_LITERAL_CONVERSION = YES;
				CLANG_WARN_OBJC_ROOT_CLASS = YES_ERROR;
				CLANG_WARN_RANGE_LOOP_ANALYSIS = YES;
				CLANG_WARN_STRICT_PROTOTYPES = YES;
				CLANG_WARN_SUSPICIOUS_MOVE = YES;
				CLANG_WARN_UNGUARDED_AVAILABILITY = YES_AGGRESSIVE;
				CLANG_WARN_UNREACHABLE_CODE = YES;
				CLANG_WARN__DUPLICATE_METHOD_MATCH = YES;
				CODE_SIGN_IDENTITY = "iPhone Developer";
				COPY_PHASE_STRIP = NO;
				DEBUG_INFORMATION_FORMAT = dwarf;
				ENABLE_STRICT_OBJC_MSGSEND = YES;
				ENABLE_TESTABILITY = YES;
				GCC_C_LANGUAGE_STANDARD = gnu11;
				GCC_DYNAMIC_NO_PIC = NO;
				GCC_NO_COMMON_BLOCKS = YES;
				GCC_OPTIMIZATION_LEVEL = 0;
				GCC_PREPROCESSOR_DEFINITIONS = (
					"DEBUG=1",
					"$(inherited)",
				);
				GCC_WARN_64_TO_32_BIT_CONVERSION = YES;
				GCC_WARN_ABOUT_RETURN_TYPE = YES_ERROR;
				GCC_WARN_UNDECLARED_SELECTOR = YES;
				GCC_WARN_UNINITIALIZED_AUTOS = YES_AGGRESSIVE;
				GCC_WARN_UNUSED_FUNCTION = YES;
				GCC_WARN_UNUSED_VARIABLE = YES;
				IPHONEOS_DEPLOYMENT_TARGET = 9.0;
				MTL_ENABLE_DEBUG_INFO = YES;
				ONLY_ACTIVE_ARCH = YES;
				SDKROOT = iphoneos;
				SWIFT_ACTIVE_COMPILATION_CONDITIONS = DEBUG;
				SWIFT_OPTIMIZATION_LEVEL = "-Onone";
			};
			name = Debug;
		};
		1F2393512071C12C001886DD /* Release */ = {
			isa = XCBuildConfiguration;
			buildSettings = {
				ALWAYS_SEARCH_USER_PATHS = NO;
				CLANG_ANALYZER_NONNULL = YES;
				CLANG_ANALYZER_NUMBER_OBJECT_CONVERSION = YES_AGGRESSIVE;
				CLANG_CXX_LANGUAGE_STANDARD = "gnu++14";
				CLANG_CXX_LIBRARY = "libc++";
				CLANG_ENABLE_MODULES = YES;
				CLANG_ENABLE_OBJC_ARC = YES;
				CLANG_WARN_BLOCK_CAPTURE_AUTORELEASING = YES;
				CLANG_WARN_BOOL_CONVERSION = YES;
				CLANG_WARN_COMMA = YES;
				CLANG_WARN_CONSTANT_CONVERSION = YES;
				CLANG_WARN_DEPRECATED_OBJC_IMPLEMENTATIONS = YES;
				CLANG_WARN_DIRECT_OBJC_ISA_USAGE = YES_ERROR;
				CLANG_WARN_DOCUMENTATION_COMMENTS = YES;
				CLANG_WARN_EMPTY_BODY = YES;
				CLANG_WARN_ENUM_CONVERSION = YES;
				CLANG_WARN_INFINITE_RECURSION = YES;
				CLANG_WARN_INT_CONVERSION = YES;
				CLANG_WARN_NON_LITERAL_NULL_CONVERSION = YES;
				CLANG_WARN_OBJC_IMPLICIT_RETAIN_SELF = YES;
				CLANG_WARN_OBJC_LITERAL_CONVERSION = YES;
				CLANG_WARN_OBJC_ROOT_CLASS = YES_ERROR;
				CLANG_WARN_RANGE_LOOP_ANALYSIS = YES;
				CLANG_WARN_STRICT_PROTOTYPES = YES;
				CLANG_WARN_SUSPICIOUS_MOVE = YES;
				CLANG_WARN_UNGUARDED_AVAILABILITY = YES_AGGRESSIVE;
				CLANG_WARN_UNREACHABLE_CODE = YES;
				CLANG_WARN__DUPLICATE_METHOD_MATCH = YES;
				CODE_SIGN_IDENTITY = "iPhone Developer";
				COPY_PHASE_STRIP = NO;
				DEBUG_INFORMATION_FORMAT = "dwarf-with-dsym";
				ENABLE_NS_ASSERTIONS = NO;
				ENABLE_STRICT_OBJC_MSGSEND = YES;
				GCC_C_LANGUAGE_STANDARD = gnu11;
				GCC_NO_COMMON_BLOCKS = YES;
				GCC_WARN_64_TO_32_BIT_CONVERSION = YES;
				GCC_WARN_ABOUT_RETURN_TYPE = YES_ERROR;
				GCC_WARN_UNDECLARED_SELECTOR = YES;
				GCC_WARN_UNINITIALIZED_AUTOS = YES_AGGRESSIVE;
				GCC_WARN_UNUSED_FUNCTION = YES;
				GCC_WARN_UNUSED_VARIABLE = YES;
				IPHONEOS_DEPLOYMENT_TARGET = 9.0;
				MTL_ENABLE_DEBUG_INFO = NO;
				SDKROOT = iphoneos;
				SWIFT_OPTIMIZATION_LEVEL = "-Owholemodule";
				VALIDATE_PRODUCT = YES;
			};
			name = Release;
		};
		1F2393532071C12C001886DD /* Debug */ = {
			isa = XCBuildConfiguration;
			buildSettings = {
				ASSETCATALOG_COMPILER_APPICON_NAME = AppIcon;
				CODE_SIGN_STYLE = Automatic;
				DEVELOPMENT_TEAM = "";
				INFOPLIST_FILE = SimpleMovieEncoding/Info.plist;
				LD_RUNPATH_SEARCH_PATHS = "$(inherited) @executable_path/Frameworks";
				PRODUCT_BUNDLE_IDENTIFIER = com.sunsetlakesoftware.SimpleMovieEncoding;
				PRODUCT_NAME = "$(TARGET_NAME)";
				SWIFT_VERSION = 4.2;
				TARGETED_DEVICE_FAMILY = "1,2";
			};
			name = Debug;
		};
		1F2393542071C12C001886DD /* Release */ = {
			isa = XCBuildConfiguration;
			buildSettings = {
				ASSETCATALOG_COMPILER_APPICON_NAME = AppIcon;
				CODE_SIGN_STYLE = Automatic;
				DEVELOPMENT_TEAM = "";
				INFOPLIST_FILE = SimpleMovieEncoding/Info.plist;
				LD_RUNPATH_SEARCH_PATHS = "$(inherited) @executable_path/Frameworks";
				PRODUCT_BUNDLE_IDENTIFIER = com.sunsetlakesoftware.SimpleMovieEncoding;
				PRODUCT_NAME = "$(TARGET_NAME)";
				SWIFT_VERSION = 4.2;
				TARGETED_DEVICE_FAMILY = "1,2";
			};
			name = Release;
		};
/* End XCBuildConfiguration section */

/* Begin XCConfigurationList section */
		1F23933B2071C12C001886DD /* Build configuration list for PBXProject "SimpleMovieEncoding" */ = {
			isa = XCConfigurationList;
			buildConfigurations = (
				1F2393502071C12C001886DD /* Debug */,
				1F2393512071C12C001886DD /* Release */,
			);
			defaultConfigurationIsVisible = 0;
			defaultConfigurationName = Release;
		};
		1F2393522071C12C001886DD /* Build configuration list for PBXNativeTarget "SimpleMovieEncoding" */ = {
			isa = XCConfigurationList;
			buildConfigurations = (
				1F2393532071C12C001886DD /* Debug */,
				1F2393542071C12C001886DD /* Release */,
			);
			defaultConfigurationIsVisible = 0;
			defaultConfigurationName = Release;
		};
/* End XCConfigurationList section */
	};
	rootObject = 1F2393382071C12C001886DD /* Project object */;
}
