// !$*UTF8*$!
{
	archiveVersion = 1;
	classes = {
	};
	objectVersion = 46;
	objects = {

/* Begin PBXBuildFile section */
		BCC49F5C1CD5AF1D00B63EEB /* AppDelegate.swift in Sources */ = {isa = PBXBuildFile; fileRef = BCC49F5B1CD5AF1D00B63EEB /* AppDelegate.swift */; };
		BCC49F611CD5AF1D00B63EEB /* MainMenu.xib in Resources */ = {isa = PBXBuildFile; fileRef = BCC49F5F1CD5AF1D00B63EEB /* MainMenu.xib */; };
		BCC49F6A1CD5AF5200B63EEB /* Assets.xcassets in Resources */ = {isa = PBXBuildFile; fileRef = BCC49F691CD5AF5200B63EEB /* Assets.xcassets */; };
		BCC49F761CD5AF7500B63EEB /* GPUImage.framework in Frameworks */ = {isa = PBXBuildFile; fileRef = BCC49F711CD5AF6300B63EEB /* GPUImage.framework */; };
		BCC49F781CD5AF8600B63EEB /* GPUImage.framework in CopyFiles */ = {isa = PBXBuildFile; fileRef = BCC49F711CD5AF6300B63EEB /* GPUImage.framework */; settings = {ATTRIBUTES = (CodeSignOnCopy, RemoveHeadersOnCopy, ); }; };
		BCC49F801CD6B86600B63EEB /* sample_iPod.m4v in Resources */ = {isa = PBXBuildFile; fileRef = BCC49F7F1CD6B86600B63EEB /* sample_iPod.m4v */; };
/* End PBXBuildFile section */

/* Begin PBXContainerItemProxy section */
		BCC49F701CD5AF6300B63EEB /* PBXContainerItemProxy */ = {
			isa = PBXContainerItemProxy;
			containerPortal = BCC49F6B1CD5AF6300B63EEB /* GPUImage-Mac.xcodeproj */;
			proxyType = 2;
			remoteGlobalIDString = BC6E7CAB1C39A9D8006DF678;
			remoteInfo = GPUImage;
		};
		BCC49F721CD5AF6300B63EEB /* PBXContainerItemProxy */ = {
			isa = PBXContainerItemProxy;
			containerPortal = BCC49F6B1CD5AF6300B63EEB /* GPUImage-Mac.xcodeproj */;
			proxyType = 2;
			remoteGlobalIDString = BC6E7CB51C39A9D8006DF678;
			remoteInfo = GPUImageTests;
		};
		BCC49F741CD5AF7000B63EEB /* PBXContainerItemProxy */ = {
			isa = PBXContainerItemProxy;
			containerPortal = BCC49F6B1CD5AF6300B63EEB /* GPUImage-Mac.xcodeproj */;
			proxyType = 1;
			remoteGlobalIDString = BC6E7CAA1C39A9D8006DF678;
			remoteInfo = GPUImage;
		};
/* End PBXContainerItemProxy section */

/* Begin PBXCopyFilesBuildPhase section */
		BCC49F771CD5AF7C00B63EEB /* CopyFiles */ = {
			isa = PBXCopyFilesBuildPhase;
			buildActionMask = 2147483647;
			dstPath = "";
			dstSubfolderSpec = 10;
			files = (
				BCC49F781CD5AF8600B63EEB /* GPUImage.framework in CopyFiles */,
			);
			runOnlyForDeploymentPostprocessing = 0;
		};
/* End PBXCopyFilesBuildPhase section */

/* Begin PBXFileReference section */
		BCC49F581CD5AF1D00B63EEB /* SimpleMovieFilter.app */ = {isa = PBXFileReference; explicitFileType = wrapper.application; includeInIndex = 0; path = SimpleMovieFilter.app; sourceTree = BUILT_PRODUCTS_DIR; };
		BCC49F5B1CD5AF1D00B63EEB /* AppDelegate.swift */ = {isa = PBXFileReference; lastKnownFileType = sourcecode.swift; path = AppDelegate.swift; sourceTree = "<group>"; };
		BCC49F601CD5AF1D00B63EEB /* Base */ = {isa = PBXFileReference; lastKnownFileType = file.xib; name = Base; path = Base.lproj/MainMenu.xib; sourceTree = "<group>"; };
		BCC49F621CD5AF1D00B63EEB /* Info.plist */ = {isa = PBXFileReference; lastKnownFileType = text.plist.xml; path = Info.plist; sourceTree = "<group>"; };
		BCC49F691CD5AF5200B63EEB /* Assets.xcassets */ = {isa = PBXFileReference; lastKnownFileType = folder.assetcatalog; name = Assets.xcassets; path = ../../../SharedAssets/Assets.xcassets; sourceTree = "<group>"; };
		BCC49F6B1CD5AF6300B63EEB /* GPUImage-Mac.xcodeproj */ = {isa = PBXFileReference; lastKnownFileType = "wrapper.pb-project"; name = "GPUImage-Mac.xcodeproj"; path = "../../../../framework/GPUImage-Mac.xcodeproj"; sourceTree = "<group>"; };
		BCC49F7F1CD6B86600B63EEB /* sample_iPod.m4v */ = {isa = PBXFileReference; lastKnownFileType = file; name = sample_iPod.m4v; path = ../../../SharedAssets/sample_iPod.m4v; sourceTree = "<group>"; };
/* End PBXFileReference section */

/* Begin PBXFrameworksBuildPhase section */
		BCC49F551CD5AF1D00B63EEB /* Frameworks */ = {
			isa = PBXFrameworksBuildPhase;
			buildActionMask = 2147483647;
			files = (
				BCC49F761CD5AF7500B63EEB /* GPUImage.framework in Frameworks */,
			);
			runOnlyForDeploymentPostprocessing = 0;
		};
/* End PBXFrameworksBuildPhase section */

/* Begin PBXGroup section */
		BCC49F4F1CD5AF1D00B63EEB = {
			isa = PBXGroup;
			children = (
				BCC49F5A1CD5AF1D00B63EEB /* Application */,
				BCC49F681CD5AF2A00B63EEB /* Resources */,
				BCC49F591CD5AF1D00B63EEB /* Products */,
			);
			sourceTree = "<group>";
		};
		BCC49F591CD5AF1D00B63EEB /* Products */ = {
			isa = PBXGroup;
			children = (
				BCC49F581CD5AF1D00B63EEB /* SimpleMovieFilter.app */,
			);
			name = Products;
			sourceTree = "<group>";
		};
		BCC49F5A1CD5AF1D00B63EEB /* Application */ = {
			isa = PBXGroup;
			children = (
				BCC49F5B1CD5AF1D00B63EEB /* AppDelegate.swift */,
				BCC49F5F1CD5AF1D00B63EEB /* MainMenu.xib */,
				BCC49F6B1CD5AF6300B63EEB /* GPUImage-Mac.xcodeproj */,
			);
			name = Application;
			path = SimpleMovieFilter;
			sourceTree = "<group>";
		};
		BCC49F681CD5AF2A00B63EEB /* Resources */ = {
			isa = PBXGroup;
			children = (
				BCC49F7F1CD6B86600B63EEB /* sample_iPod.m4v */,
				BCC49F621CD5AF1D00B63EEB /* Info.plist */,
				BCC49F691CD5AF5200B63EEB /* Assets.xcassets */,
			);
			name = Resources;
			path = SimpleMovieFilter;
			sourceTree = "<group>";
		};
		BCC49F6C1CD5AF6300B63EEB /* Products */ = {
			isa = PBXGroup;
			children = (
				BCC49F711CD5AF6300B63EEB /* GPUImage.framework */,
				BCC49F731CD5AF6300B63EEB /* GPUImage.xctest */,
			);
			name = Products;
			sourceTree = "<group>";
		};
/* End PBXGroup section */

/* Begin PBXNativeTarget section */
		BCC49F571CD5AF1D00B63EEB /* SimpleMovieFilter */ = {
			isa = PBXNativeTarget;
			buildConfigurationList = BCC49F651CD5AF1D00B63EEB /* Build configuration list for PBXNativeTarget "SimpleMovieFilter" */;
			buildPhases = (
				BCC49F541CD5AF1D00B63EEB /* Sources */,
				BCC49F551CD5AF1D00B63EEB /* Frameworks */,
				BCC49F561CD5AF1D00B63EEB /* Resources */,
				BCC49F771CD5AF7C00B63EEB /* CopyFiles */,
			);
			buildRules = (
			);
			dependencies = (
				BCC49F751CD5AF7000B63EEB /* PBXTargetDependency */,
			);
			name = SimpleMovieFilter;
			productName = SimpleMovieFilter;
			productReference = BCC49F581CD5AF1D00B63EEB /* SimpleMovieFilter.app */;
			productType = "com.apple.product-type.application";
		};
/* End PBXNativeTarget section */

/* Begin PBXProject section */
		BCC49F501CD5AF1D00B63EEB /* Project object */ = {
			isa = PBXProject;
			attributes = {
				LastSwiftUpdateCheck = 0730;
				LastUpgradeCheck = 0800;
				ORGANIZATIONNAME = "Sunset Lake Software LLC";
				TargetAttributes = {
					BCC49F571CD5AF1D00B63EEB = {
						CreatedOnToolsVersion = 7.3;
						LastSwiftMigration = 0800;
					};
				};
			};
			buildConfigurationList = BCC49F531CD5AF1D00B63EEB /* Build configuration list for PBXProject "SimpleMovieFilter" */;
			compatibilityVersion = "Xcode 3.2";
			developmentRegion = English;
			hasScannedForEncodings = 0;
			knownRegions = (
				en,
				Base,
			);
			mainGroup = BCC49F4F1CD5AF1D00B63EEB;
			productRefGroup = BCC49F591CD5AF1D00B63EEB /* Products */;
			projectDirPath = "";
			projectReferences = (
				{
					ProductGroup = BCC49F6C1CD5AF6300B63EEB /* Products */;
					ProjectRef = BCC49F6B1CD5AF6300B63EEB /* GPUImage-Mac.xcodeproj */;
				},
			);
			projectRoot = "";
			targets = (
				BCC49F571CD5AF1D00B63EEB /* SimpleMovieFilter */,
			);
		};
/* End PBXProject section */

/* Begin PBXReferenceProxy section */
		BCC49F711CD5AF6300B63EEB /* GPUImage.framework */ = {
			isa = PBXReferenceProxy;
			fileType = wrapper.framework;
			path = GPUImage.framework;
			remoteRef = BCC49F701CD5AF6300B63EEB /* PBXContainerItemProxy */;
			sourceTree = BUILT_PRODUCTS_DIR;
		};
		BCC49F731CD5AF6300B63EEB /* GPUImage.xctest */ = {
			isa = PBXReferenceProxy;
			fileType = wrapper.cfbundle;
			path = GPUImage.xctest;
			remoteRef = BCC49F721CD5AF6300B63EEB /* PBXContainerItemProxy */;
			sourceTree = BUILT_PRODUCTS_DIR;
		};
/* End PBXReferenceProxy section */

/* Begin PBXResourcesBuildPhase section */
		BCC49F561CD5AF1D00B63EEB /* Resources */ = {
			isa = PBXResourcesBuildPhase;
			buildActionMask = 2147483647;
			files = (
				BCC49F801CD6B86600B63EEB /* sample_iPod.m4v in Resources */,
				BCC49F6A1CD5AF5200B63EEB /* Assets.xcassets in Resources */,
				BCC49F611CD5AF1D00B63EEB /* MainMenu.xib in Resources */,
			);
			runOnlyForDeploymentPostprocessing = 0;
		};
/* End PBXResourcesBuildPhase section */

/* Begin PBXSourcesBuildPhase section */
		BCC49F541CD5AF1D00B63EEB /* Sources */ = {
			isa = PBXSourcesBuildPhase;
			buildActionMask = 2147483647;
			files = (
				BCC49F5C1CD5AF1D00B63EEB /* AppDelegate.swift in Sources */,
			);
			runOnlyForDeploymentPostprocessing = 0;
		};
/* End PBXSourcesBuildPhase section */

/* Begin PBXTargetDependency section */
		BCC49F751CD5AF7000B63EEB /* PBXTargetDependency */ = {
			isa = PBXTargetDependency;
			name = GPUImage;
			targetProxy = BCC49F741CD5AF7000B63EEB /* PBXContainerItemProxy */;
		};
/* End PBXTargetDependency section */

/* Begin PBXVariantGroup section */
		BCC49F5F1CD5AF1D00B63EEB /* MainMenu.xib */ = {
			isa = PBXVariantGroup;
			children = (
				BCC49F601CD5AF1D00B63EEB /* Base */,
			);
			name = MainMenu.xib;
			sourceTree = "<group>";
		};
/* End PBXVariantGroup section */

/* Begin XCBuildConfiguration section */
		BCC49F631CD5AF1D00B63EEB /* Debug */ = {
			isa = XCBuildConfiguration;
			buildSettings = {
				ALWAYS_SEARCH_USER_PATHS = NO;
				CLANG_ANALYZER_NONNULL = YES;
				CLANG_CXX_LANGUAGE_STANDARD = "gnu++0x";
				CLANG_CXX_LIBRARY = "libc++";
				CLANG_ENABLE_MODULES = YES;
				CLANG_ENABLE_OBJC_ARC = YES;
				CLANG_WARN_BOOL_CONVERSION = YES;
				CLANG_WARN_CONSTANT_CONVERSION = YES;
				CLANG_WARN_DIRECT_OBJC_ISA_USAGE = YES_ERROR;
				CLANG_WARN_EMPTY_BODY = YES;
				CLANG_WARN_ENUM_CONVERSION = YES;
				CLANG_WARN_INT_CONVERSION = YES;
				CLANG_WARN_OBJC_ROOT_CLASS = YES_ERROR;
				CLANG_WARN_UNREACHABLE_CODE = YES;
				CLANG_WARN__DUPLICATE_METHOD_MATCH = YES;
				CODE_SIGN_IDENTITY = "-";
				COPY_PHASE_STRIP = NO;
				DEBUG_INFORMATION_FORMAT = dwarf;
				ENABLE_STRICT_OBJC_MSGSEND = YES;
				ENABLE_TESTABILITY = YES;
				GCC_C_LANGUAGE_STANDARD = gnu99;
				GCC_DYNAMIC_NO_PIC = NO;
				GCC_NO_COMMON_BLOCKS = YES;
				GCC_OPTIMIZATION_LEVEL = 0;
				GCC_PREPROCESSOR_DEFINITIONS = (
					"DEBUG=1",
					"$(inherited)",
				);
				GCC_WARN_64_TO_32_BIT_CONVERSION = YES;
				GCC_WARN_ABOUT_RETURN_TYPE = YES_ERROR;
				GCC_WARN_UNDECLARED_SELECTOR = YES;
				GCC_WARN_UNINITIALIZED_AUTOS = YES_AGGRESSIVE;
				GCC_WARN_UNUSED_FUNCTION = YES;
				GCC_WARN_UNUSED_VARIABLE = YES;
				MACOSX_DEPLOYMENT_TARGET = 10.9;
				MTL_ENABLE_DEBUG_INFO = YES;
				ONLY_ACTIVE_ARCH = YES;
				SDKROOT = macosx;
				SWIFT_OPTIMIZATION_LEVEL = "-Onone";
			};
			name = Debug;
		};
		BCC49F641CD5AF1D00B63EEB /* Release */ = {
			isa = XCBuildConfiguration;
			buildSettings = {
				ALWAYS_SEARCH_USER_PATHS = NO;
				CLANG_ANALYZER_NONNULL = YES;
				CLANG_CXX_LANGUAGE_STANDARD = "gnu++0x";
				CLANG_CXX_LIBRARY = "libc++";
				CLANG_ENABLE_MODULES = YES;
				CLANG_ENABLE_OBJC_ARC = YES;
				CLANG_WARN_BOOL_CONVERSION = YES;
				CLANG_WARN_CONSTANT_CONVERSION = YES;
				CLANG_WARN_DIRECT_OBJC_ISA_USAGE = YES_ERROR;
				CLANG_WARN_EMPTY_BODY = YES;
				CLANG_WARN_ENUM_CONVERSION = YES;
				CLANG_WARN_INT_CONVERSION = YES;
				CLANG_WARN_OBJC_ROOT_CLASS = YES_ERROR;
				CLANG_WARN_UNREACHABLE_CODE = YES;
				CLANG_WARN__DUPLICATE_METHOD_MATCH = YES;
				CODE_SIGN_IDENTITY = "-";
				COPY_PHASE_STRIP = NO;
				DEBUG_INFORMATION_FORMAT = "dwarf-with-dsym";
				ENABLE_NS_ASSERTIONS = NO;
				ENABLE_STRICT_OBJC_MSGSEND = YES;
				GCC_C_LANGUAGE_STANDARD = gnu99;
				GCC_NO_COMMON_BLOCKS = YES;
				GCC_WARN_64_TO_32_BIT_CONVERSION = YES;
				GCC_WARN_ABOUT_RETURN_TYPE = YES_ERROR;
				GCC_WARN_UNDECLARED_SELECTOR = YES;
				GCC_WARN_UNINITIALIZED_AUTOS = YES_AGGRESSIVE;
				GCC_WARN_UNUSED_FUNCTION = YES;
				GCC_WARN_UNUSED_VARIABLE = YES;
				MACOSX_DEPLOYMENT_TARGET = 10.9;
				MTL_ENABLE_DEBUG_INFO = NO;
				SDKROOT = macosx;
			};
			name = Release;
		};
		BCC49F661CD5AF1D00B63EEB /* Debug */ = {
			isa = XCBuildConfiguration;
			buildSettings = {
				ASSETCATALOG_COMPILER_APPICON_NAME = AppIcon;
				COMBINE_HIDPI_IMAGES = YES;
				INFOPLIST_FILE = SimpleMovieFilter/Info.plist;
				LD_RUNPATH_SEARCH_PATHS = "$(inherited) @executable_path/../Frameworks";
				PRODUCT_BUNDLE_IDENTIFIER = com.sunsetlakesoftware.SimpleMovieFilter;
				PRODUCT_NAME = "$(TARGET_NAME)";
				SWIFT_VERSION = 3.0;
			};
			name = Debug;
		};
		BCC49F671CD5AF1D00B63EEB /* Release */ = {
			isa = XCBuildConfiguration;
			buildSettings = {
				ASSETCATALOG_COMPILER_APPICON_NAME = AppIcon;
				COMBINE_HIDPI_IMAGES = YES;
				INFOPLIST_FILE = SimpleMovieFilter/Info.plist;
				LD_RUNPATH_SEARCH_PATHS = "$(inherited) @executable_path/../Frameworks";
				PRODUCT_BUNDLE_IDENTIFIER = com.sunsetlakesoftware.SimpleMovieFilter;
				PRODUCT_NAME = "$(TARGET_NAME)";
				SWIFT_OPTIMIZATION_LEVEL = "-Owholemodule";
				SWIFT_VERSION = 3.0;
			};
			name = Release;
		};
/* End XCBuildConfiguration section */

/* Begin XCConfigurationList section */
		BCC49F531CD5AF1D00B63EEB /* Build configuration list for PBXProject "SimpleMovieFilter" */ = {
			isa = XCConfigurationList;
			buildConfigurations = (
				BCC49F631CD5AF1D00B63EEB /* Debug */,
				BCC49F641CD5AF1D00B63EEB /* Release */,
			);
			defaultConfigurationIsVisible = 0;
			defaultConfigurationName = Release;
		};
		BCC49F651CD5AF1D00B63EEB /* Build configuration list for PBXNativeTarget "SimpleMovieFilter" */ = {
			isa = XCConfigurationList;
			buildConfigurations = (
				BCC49F661CD5AF1D00B63EEB /* Debug */,
				BCC49F671CD5AF1D00B63EEB /* Release */,
			);
			defaultConfigurationIsVisible = 0;
			defaultConfigurationName = Release;
		};
/* End XCConfigurationList section */
	};
	rootObject = BCC49F501CD5AF1D00B63EEB /* Project object */;
}
