// !$*UTF8*$!
{
	archiveVersion = 1;
	classes = {
	};
	objectVersion = 46;
	objects = {

/* Begin PBXBuildFile section */
		BC9E36A21E525CB400B8604F /* GPUImage.framework in CopyFiles */ = {isa = PBXBuildFile; fileRef = BC9E369D1E525C9900B8604F /* GPUImage.framework */; settings = {ATTRIBUTES = (CodeSignOnCopy, RemoveHeadersOnCopy, ); }; };
		BCA0C3341CCBFFAE0034F922 /* AppDelegate.swift in Sources */ = {isa = PBXBuildFile; fileRef = BCA0C3331CCBFFAE0034F922 /* AppDelegate.swift */; };
		BCA0C3361CCBFFAE0034F922 /* ViewController.swift in Sources */ = {isa = PBXBuildFile; fileRef = BCA0C3351CCBFFAE0034F922 /* ViewController.swift */; };
		BCA0C33E1CCBFFAE0034F922 /* LaunchScreen.storyboard in Resources */ = {isa = PBXBuildFile; fileRef = BCA0C33C1CCBFFAE0034F922 /* LaunchScreen.storyboard */; };
		BCA0C3471CCBFFE70034F922 /* Assets-iOS.xcassets in Resources */ = {isa = PBXBuildFile; fileRef = BCA0C3461CCBFFE70034F922 /* Assets-iOS.xcassets */; };
		BCA0C34A1CCC00B20034F922 /* Main.storyboard in Resources */ = {isa = PBXBuildFile; fileRef = BCA0C3481CCC00B20034F922 /* Main.storyboard */; };
/* End PBXBuildFile section */

/* Begin PBXContainerItemProxy section */
		BC9E36981E525C9900B8604F /* PBXContainerItemProxy */ = {
			isa = PBXContainerItemProxy;
			containerPortal = BC9E36911E525C9900B8604F /* GPUImage.xcodeproj */;
			proxyType = 2;
			remoteGlobalIDString = BC6E7CAB1C39A9D8006DF678;
			remoteInfo = GPUImage_macOS;
		};
		BC9E369A1E525C9900B8604F /* PBXContainerItemProxy */ = {
			isa = PBXContainerItemProxy;
			containerPortal = BC9E36911E525C9900B8604F /* GPUImage.xcodeproj */;
			proxyType = 2;
			remoteGlobalIDString = BC6E7CB51C39A9D8006DF678;
			remoteInfo = GPUImageTests_macOS;
		};
		BC9E369C1E525C9900B8604F /* PBXContainerItemProxy */ = {
			isa = PBXContainerItemProxy;
			containerPortal = BC9E36911E525C9900B8604F /* GPUImage.xcodeproj */;
			proxyType = 2;
			remoteGlobalIDString = BC9E34E91E524A2200B8604F;
			remoteInfo = GPUImage_iOS;
		};
		BC9E369E1E525C9900B8604F /* PBXContainerItemProxy */ = {
			isa = PBXContainerItemProxy;
			containerPortal = BC9E36911E525C9900B8604F /* GPUImage.xcodeproj */;
			proxyType = 2;
			remoteGlobalIDString = BC9E34F11E524A2200B8604F;
			remoteInfo = GPUImageTests_iOS;
		};
		BC9E36A01E525CAF00B8604F /* PBXContainerItemProxy */ = {
			isa = PBXContainerItemProxy;
			containerPortal = BC9E36911E525C9900B8604F /* GPUImage.xcodeproj */;
			proxyType = 1;
			remoteGlobalIDString = BC9E34E81E524A2200B8604F;
			remoteInfo = GPUImage_iOS;
		};
/* End PBXContainerItemProxy section */

/* Begin PBXCopyFilesBuildPhase section */
		BCA0C3581CCC012A0034F922 /* CopyFiles */ = {
			isa = PBXCopyFilesBuildPhase;
			buildActionMask = 2147483647;
			dstPath = "";
			dstSubfolderSpec = 10;
			files = (
				BC9E36A21E525CB400B8604F /* GPUImage.framework in CopyFiles */,
			);
			runOnlyForDeploymentPostprocessing = 0;
		};
/* End PBXCopyFilesBuildPhase section */

/* Begin PBXFileReference section */
		BC9E36911E525C9900B8604F /* GPUImage.xcodeproj */ = {isa = PBXFileReference; lastKnownFileType = "wrapper.pb-project"; name = GPUImage.xcodeproj; path = ../../../../framework/GPUImage.xcodeproj; sourceTree = "<group>"; };
		BCA0C3301CCBFFAE0034F922 /* SimpleVideoRecorder.app */ = {isa = PBXFileReference; explicitFileType = wrapper.application; includeInIndex = 0; path = SimpleVideoRecorder.app; sourceTree = BUILT_PRODUCTS_DIR; };
		BCA0C3331CCBFFAE0034F922 /* AppDelegate.swift */ = {isa = PBXFileReference; lastKnownFileType = sourcecode.swift; path = AppDelegate.swift; sourceTree = "<group>"; };
		BCA0C3351CCBFFAE0034F922 /* ViewController.swift */ = {isa = PBXFileReference; lastKnownFileType = sourcecode.swift; path = ViewController.swift; sourceTree = "<group>"; };
		BCA0C33D1CCBFFAE0034F922 /* Base */ = {isa = PBXFileReference; lastKnownFileType = file.storyboard; name = Base; path = Base.lproj/LaunchScreen.storyboard; sourceTree = "<group>"; };
		BCA0C33F1CCBFFAE0034F922 /* Info.plist */ = {isa = PBXFileReference; lastKnownFileType = text.plist.xml; path = Info.plist; sourceTree = "<group>"; };
		BCA0C3461CCBFFE70034F922 /* Assets-iOS.xcassets */ = {isa = PBXFileReference; lastKnownFileType = folder.assetcatalog; name = "Assets-iOS.xcassets"; path = "../../../SharedAssets/Assets-iOS.xcassets"; sourceTree = "<group>"; };
		BCA0C3491CCC00B20034F922 /* Base */ = {isa = PBXFileReference; lastKnownFileType = file.storyboard; name = Base; path = Base.lproj/Main.storyboard; sourceTree = "<group>"; };
/* End PBXFileReference section */

/* Begin PBXFrameworksBuildPhase section */
		BCA0C32D1CCBFFAE0034F922 /* Frameworks */ = {
			isa = PBXFrameworksBuildPhase;
			buildActionMask = 2147483647;
			files = (
			);
			runOnlyForDeploymentPostprocessing = 0;
		};
/* End PBXFrameworksBuildPhase section */

/* Begin PBXGroup section */
		BC9E36921E525C9900B8604F /* Products */ = {
			isa = PBXGroup;
			children = (
				BC9E36991E525C9900B8604F /* GPUImage.framework */,
				BC9E369B1E525C9900B8604F /* GPUImageTests_macOS.xctest */,
				BC9E369D1E525C9900B8604F /* GPUImage.framework */,
				BC9E369F1E525C9900B8604F /* GPUImageTests_iOS.xctest */,
			);
			name = Products;
			sourceTree = "<group>";
		};
		BCA0C3271CCBFFAE0034F922 = {
			isa = PBXGroup;
			children = (
				BCA0C3321CCBFFAE0034F922 /* Applications */,
				BCA0C3451CCBFFB80034F922 /* Resources */,
				BCA0C3311CCBFFAE0034F922 /* Products */,
			);
			sourceTree = "<group>";
		};
		BCA0C3311CCBFFAE0034F922 /* Products */ = {
			isa = PBXGroup;
			children = (
				BCA0C3301CCBFFAE0034F922 /* SimpleVideoRecorder.app */,
			);
			name = Products;
			sourceTree = "<group>";
		};
		BCA0C3321CCBFFAE0034F922 /* Applications */ = {
			isa = PBXGroup;
			children = (
				BCA0C3331CCBFFAE0034F922 /* AppDelegate.swift */,
				BCA0C3351CCBFFAE0034F922 /* ViewController.swift */,
				BCA0C3481CCC00B20034F922 /* Main.storyboard */,
				BC9E36911E525C9900B8604F /* GPUImage.xcodeproj */,
			);
			name = Applications;
			path = SimpleVideoRecorder;
			sourceTree = "<group>";
		};
		BCA0C3451CCBFFB80034F922 /* Resources */ = {
			isa = PBXGroup;
			children = (
				BCA0C33C1CCBFFAE0034F922 /* LaunchScreen.storyboard */,
				BCA0C33F1CCBFFAE0034F922 /* Info.plist */,
				BCA0C3461CCBFFE70034F922 /* Assets-iOS.xcassets */,
			);
			name = Resources;
			path = SimpleVideoRecorder;
			sourceTree = "<group>";
		};
/* End PBXGroup section */

/* Begin PBXNativeTarget section */
		BCA0C32F1CCBFFAE0034F922 /* SimpleVideoRecorder */ = {
			isa = PBXNativeTarget;
			buildConfigurationList = BCA0C3421CCBFFAE0034F922 /* Build configuration list for PBXNativeTarget "SimpleVideoRecorder" */;
			buildPhases = (
				BCA0C32C1CCBFFAE0034F922 /* Sources */,
				BCA0C32D1CCBFFAE0034F922 /* Frameworks */,
				BCA0C32E1CCBFFAE0034F922 /* Resources */,
				BCA0C3581CCC012A0034F922 /* CopyFiles */,
			);
			buildRules = (
			);
			dependencies = (
				BC9E36A11E525CAF00B8604F /* PBXTargetDependency */,
			);
			name = SimpleVideoRecorder;
			productName = SimpleVideoRecorder;
			productReference = BCA0C3301CCBFFAE0034F922 /* SimpleVideoRecorder.app */;
			productType = "com.apple.product-type.application";
		};
/* End PBXNativeTarget section */

/* Begin PBXProject section */
		BCA0C3281CCBFFAE0034F922 /* Project object */ = {
			isa = PBXProject;
			attributes = {
				LastSwiftUpdateCheck = 0730;
				LastUpgradeCheck = 0940;
				ORGANIZATIONNAME = "Sunset Lake Software LLC";
				TargetAttributes = {
					BCA0C32F1CCBFFAE0034F922 = {
						CreatedOnToolsVersion = 7.3;
						LastSwiftMigration = 0940;
					};
				};
			};
			buildConfigurationList = BCA0C32B1CCBFFAE0034F922 /* Build configuration list for PBXProject "SimpleVideoRecorder" */;
			compatibilityVersion = "Xcode 3.2";
			developmentRegion = English;
			hasScannedForEncodings = 0;
			knownRegions = (
				en,
				Base,
			);
			mainGroup = BCA0C3271CCBFFAE0034F922;
			productRefGroup = BCA0C3311CCBFFAE0034F922 /* Products */;
			projectDirPath = "";
			projectReferences = (
				{
					ProductGroup = BC9E36921E525C9900B8604F /* Products */;
					ProjectRef = BC9E36911E525C9900B8604F /* GPUImage.xcodeproj */;
				},
			);
			projectRoot = "";
			targets = (
				BCA0C32F1CCBFFAE0034F922 /* SimpleVideoRecorder */,
			);
		};
/* End PBXProject section */

/* Begin PBXReferenceProxy section */
		BC9E36991E525C9900B8604F /* GPUImage.framework */ = {
			isa = PBXReferenceProxy;
			fileType = wrapper.framework;
			path = GPUImage.framework;
			remoteRef = BC9E36981E525C9900B8604F /* PBXContainerItemProxy */;
			sourceTree = BUILT_PRODUCTS_DIR;
		};
		BC9E369B1E525C9900B8604F /* GPUImageTests_macOS.xctest */ = {
			isa = PBXReferenceProxy;
			fileType = wrapper.cfbundle;
			path = GPUImageTests_macOS.xctest;
			remoteRef = BC9E369A1E525C9900B8604F /* PBXContainerItemProxy */;
			sourceTree = BUILT_PRODUCTS_DIR;
		};
		BC9E369D1E525C9900B8604F /* GPUImage.framework */ = {
			isa = PBXReferenceProxy;
			fileType = wrapper.framework;
			path = GPUImage.framework;
			remoteRef = BC9E369C1E525C9900B8604F /* PBXContainerItemProxy */;
			sourceTree = BUILT_PRODUCTS_DIR;
		};
		BC9E369F1E525C9900B8604F /* GPUImageTests_iOS.xctest */ = {
			isa = PBXReferenceProxy;
			fileType = wrapper.cfbundle;
			path = GPUImageTests_iOS.xctest;
			remoteRef = BC9E369E1E525C9900B8604F /* PBXContainerItemProxy */;
			sourceTree = BUILT_PRODUCTS_DIR;
		};
/* End PBXReferenceProxy section */

/* Begin PBXResourcesBuildPhase section */
		BCA0C32E1CCBFFAE0034F922 /* Resources */ = {
			isa = PBXResourcesBuildPhase;
			buildActionMask = 2147483647;
			files = (
				BCA0C34A1CCC00B20034F922 /* Main.storyboard in Resources */,
				BCA0C3471CCBFFE70034F922 /* Assets-iOS.xcassets in Resources */,
				BCA0C33E1CCBFFAE0034F922 /* LaunchScreen.storyboard in Resources */,
			);
			runOnlyForDeploymentPostprocessing = 0;
		};
/* End PBXResourcesBuildPhase section */

/* Begin PBXSourcesBuildPhase section */
		BCA0C32C1CCBFFAE0034F922 /* Sources */ = {
			isa = PBXSourcesBuildPhase;
			buildActionMask = 2147483647;
			files = (
				BCA0C3361CCBFFAE0034F922 /* ViewController.swift in Sources */,
				BCA0C3341CCBFFAE0034F922 /* AppDelegate.swift in Sources */,
			);
			runOnlyForDeploymentPostprocessing = 0;
		};
/* End PBXSourcesBuildPhase section */

/* Begin PBXTargetDependency section */
		BC9E36A11E525CAF00B8604F /* PBXTargetDependency */ = {
			isa = PBXTargetDependency;
			name = GPUImage_iOS;
			targetProxy = BC9E36A01E525CAF00B8604F /* PBXContainerItemProxy */;
		};
/* End PBXTargetDependency section */

/* Begin PBXVariantGroup section */
		BCA0C33C1CCBFFAE0034F922 /* LaunchScreen.storyboard */ = {
			isa = PBXVariantGroup;
			children = (
				BCA0C33D1CCBFFAE0034F922 /* Base */,
			);
			name = LaunchScreen.storyboard;
			sourceTree = "<group>";
		};
		BCA0C3481CCC00B20034F922 /* Main.storyboard */ = {
			isa = PBXVariantGroup;
			children = (
				BCA0C3491CCC00B20034F922 /* Base */,
			);
			name = Main.storyboard;
			sourceTree = "<group>";
		};
/* End PBXVariantGroup section */

/* Begin XCBuildConfiguration section */
		BCA0C3401CCBFFAE0034F922 /* Debug */ = {
			isa = XCBuildConfiguration;
			buildSettings = {
				ALWAYS_SEARCH_USER_PATHS = NO;
				CLANG_ANALYZER_NONNULL = YES;
				CLANG_CXX_LANGUAGE_STANDARD = "gnu++0x";
				CLANG_CXX_LIBRARY = "libc++";
				CLANG_ENABLE_MODULES = YES;
				CLANG_ENABLE_OBJC_ARC = YES;
				CLANG_WARN_BLOCK_CAPTURE_AUTORELEASING = YES;
				CLANG_WARN_BOOL_CONVERSION = YES;
				CLANG_WARN_COMMA = YES;
				CLANG_WARN_CONSTANT_CONVERSION = YES;
				CLANG_WARN_DEPRECATED_OBJC_IMPLEMENTATIONS = YES;
				CLANG_WARN_DIRECT_OBJC_ISA_USAGE = YES_ERROR;
				CLANG_WARN_EMPTY_BODY = YES;
				CLANG_WARN_ENUM_CONVERSION = YES;
				CLANG_WARN_INFINITE_RECURSION = YES;
				CLANG_WARN_INT_CONVERSION = YES;
				CLANG_WARN_NON_LITERAL_NULL_CONVERSION = YES;
				CLANG_WARN_OBJC_IMPLICIT_RETAIN_SELF = YES;
				CLANG_WARN_OBJC_LITERAL_CONVERSION = YES;
				CLANG_WARN_OBJC_ROOT_CLASS = YES_ERROR;
				CLANG_WARN_RANGE_LOOP_ANALYSIS = YES;
				CLANG_WARN_STRICT_PROTOTYPES = YES;
				CLANG_WARN_SUSPICIOUS_MOVE = YES;
				CLANG_WARN_UNREACHABLE_CODE = YES;
				CLANG_WARN__DUPLICATE_METHOD_MATCH = YES;
				"CODE_SIGN_IDENTITY[sdk=iphoneos*]" = "iPhone Developer";
				COPY_PHASE_STRIP = NO;
				DEBUG_INFORMATION_FORMAT = dwarf;
				ENABLE_STRICT_OBJC_MSGSEND = YES;
				ENABLE_TESTABILITY = YES;
				GCC_C_LANGUAGE_STANDARD = gnu99;
				GCC_DYNAMIC_NO_PIC = NO;
				GCC_NO_COMMON_BLOCKS = YES;
				GCC_OPTIMIZATION_LEVEL = 0;
				GCC_PREPROCESSOR_DEFINITIONS = (
					"DEBUG=1",
					"$(inherited)",
				);
				GCC_WARN_64_TO_32_BIT_CONVERSION = YES;
				GCC_WARN_ABOUT_RETURN_TYPE = YES_ERROR;
				GCC_WARN_UNDECLARED_SELECTOR = YES;
				GCC_WARN_UNINITIALIZED_AUTOS = YES_AGGRESSIVE;
				GCC_WARN_UNUSED_FUNCTION = YES;
				GCC_WARN_UNUSED_VARIABLE = YES;
				IPHONEOS_DEPLOYMENT_TARGET = 8.0;
				MTL_ENABLE_DEBUG_INFO = YES;
				ONLY_ACTIVE_ARCH = YES;
				SDKROOT = iphoneos;
				SWIFT_OPTIMIZATION_LEVEL = "-Onone";
				TARGETED_DEVICE_FAMILY = "1,2";
			};
			name = Debug;
		};
		BCA0C3411CCBFFAE0034F922 /* Release */ = {
			isa = XCBuildConfiguration;
			buildSettings = {
				ALWAYS_SEARCH_USER_PATHS = NO;
				CLANG_ANALYZER_NONNULL = YES;
				CLANG_CXX_LANGUAGE_STANDARD = "gnu++0x";
				CLANG_CXX_LIBRARY = "libc++";
				CLANG_ENABLE_MODULES = YES;
				CLANG_ENABLE_OBJC_ARC = YES;
				CLANG_WARN_BLOCK_CAPTURE_AUTORELEASING = YES;
				CLANG_WARN_BOOL_CONVERSION = YES;
				CLANG_WARN_COMMA = YES;
				CLANG_WARN_CONSTANT_CONVERSION = YES;
				CLANG_WARN_DEPRECATED_OBJC_IMPLEMENTATIONS = YES;
				CLANG_WARN_DIRECT_OBJC_ISA_USAGE = YES_ERROR;
				CLANG_WARN_EMPTY_BODY = YES;
				CLANG_WARN_ENUM_CONVERSION = YES;
				CLANG_WARN_INFINITE_RECURSION = YES;
				CLANG_WARN_INT_CONVERSION = YES;
				CLANG_WARN_NON_LITERAL_NULL_CONVERSION = YES;
				CLANG_WARN_OBJC_IMPLICIT_RETAIN_SELF = YES;
				CLANG_WARN_OBJC_LITERAL_CONVERSION = YES;
				CLANG_WARN_OBJC_ROOT_CLASS = YES_ERROR;
				CLANG_WARN_RANGE_LOOP_ANALYSIS = YES;
				CLANG_WARN_STRICT_PROTOTYPES = YES;
				CLANG_WARN_SUSPICIOUS_MOVE = YES;
				CLANG_WARN_UNREACHABLE_CODE = YES;
				CLANG_WARN__DUPLICATE_METHOD_MATCH = YES;
				"CODE_SIGN_IDENTITY[sdk=iphoneos*]" = "iPhone Developer";
				COPY_PHASE_STRIP = NO;
				DEBUG_INFORMATION_FORMAT = "dwarf-with-dsym";
				ENABLE_NS_ASSERTIONS = NO;
				ENABLE_STRICT_OBJC_MSGSEND = YES;
				GCC_C_LANGUAGE_STANDARD = gnu99;
				GCC_NO_COMMON_BLOCKS = YES;
				GCC_WARN_64_TO_32_BIT_CONVERSION = YES;
				GCC_WARN_ABOUT_RETURN_TYPE = YES_ERROR;
				GCC_WARN_UNDECLARED_SELECTOR = YES;
				GCC_WARN_UNINITIALIZED_AUTOS = YES_AGGRESSIVE;
				GCC_WARN_UNUSED_FUNCTION = YES;
				GCC_WARN_UNUSED_VARIABLE = YES;
				IPHONEOS_DEPLOYMENT_TARGET = 8.0;
				MTL_ENABLE_DEBUG_INFO = NO;
				SDKROOT = iphoneos;
				SWIFT_COMPILATION_MODE = wholemodule;
				TARGETED_DEVICE_FAMILY = "1,2";
				VALIDATE_PRODUCT = YES;
			};
			name = Release;
		};
		BCA0C3431CCBFFAE0034F922 /* Debug */ = {
			isa = XCBuildConfiguration;
			buildSettings = {
				ASSETCATALOG_COMPILER_APPICON_NAME = AppIcon;
				DEVELOPMENT_TEAM = "";
				INFOPLIST_FILE = SimpleVideoRecorder/Info.plist;
				LD_RUNPATH_SEARCH_PATHS = "$(inherited) @executable_path/Frameworks";
				PRODUCT_BUNDLE_IDENTIFIER = com.sunsetlakesoftware.SimpleVideoRecorder;
				PRODUCT_NAME = "$(TARGET_NAME)";
				SWIFT_SWIFT3_OBJC_INFERENCE = On;
				SWIFT_VERSION = 4.0;
			};
			name = Debug;
		};
		BCA0C3441CCBFFAE0034F922 /* Release */ = {
			isa = XCBuildConfiguration;
			buildSettings = {
				ASSETCATALOG_COMPILER_APPICON_NAME = AppIcon;
				DEVELOPMENT_TEAM = "";
				INFOPLIST_FILE = SimpleVideoRecorder/Info.plist;
				LD_RUNPATH_SEARCH_PATHS = "$(inherited) @executable_path/Frameworks";
				PRODUCT_BUNDLE_IDENTIFIER = com.sunsetlakesoftware.SimpleVideoRecorder;
				PRODUCT_NAME = "$(TARGET_NAME)";
				SWIFT_SWIFT3_OBJC_INFERENCE = On;
				SWIFT_VERSION = 4.0;
			};
			name = Release;
		};
/* End XCBuildConfiguration section */

/* Begin XCConfigurationList section */
		BCA0C32B1CCBFFAE0034F922 /* Build configuration list for PBXProject "SimpleVideoRecorder" */ = {
			isa = XCConfigurationList;
			buildConfigurations = (
				BCA0C3401CCBFFAE0034F922 /* Debug */,
				BCA0C3411CCBFFAE0034F922 /* Release */,
			);
			defaultConfigurationIsVisible = 0;
			defaultConfigurationName = Release;
		};
		BCA0C3421CCBFFAE0034F922 /* Build configuration list for PBXNativeTarget "SimpleVideoRecorder" */ = {
			isa = XCConfigurationList;
			buildConfigurations = (
				BCA0C3431CCBFFAE0034F922 /* Debug */,
				BCA0C3441CCBFFAE0034F922 /* Release */,
			);
			defaultConfigurationIsVisible = 0;
			defaultConfigurationName = Release;
		};
/* End XCConfigurationList section */
	};
	rootObject = BCA0C3281CCBFFAE0034F922 /* Project object */;
}
