// !$*UTF8*$!
{
	archiveVersion = 1;
	classes = {
	};
	objectVersion = 46;
	objects = {

/* Begin PBXBuildFile section */
		BC0037BD195CA11B00B9D651 /* AppDelegate.swift in Sources */ = {isa = PBXBuildFile; fileRef = BC0037BC195CA11B00B9D651 /* AppDelegate.swift */; };
		BC0037BF195CA11B00B9D651 /* FilterListViewController.swift in Sources */ = {isa = PBXBuildFile; fileRef = BC0037BE195CA11B00B9D651 /* FilterListViewController.swift */; };
		BC0037C1195CA11B00B9D651 /* FilterDisplayViewController.swift in Sources */ = {isa = PBXBuildFile; fileRef = BC0037C0195CA11B00B9D651 /* FilterDisplayViewController.swift */; };
		BC0037C4195CA11B00B9D651 /* Main.storyboard in Resources */ = {isa = PBXBuildFile; fileRef = BC0037C2195CA11B00B9D651 /* Main.storyboard */; };
		BC9E36561E525A4200B8604F /* GPUImage.framework in CopyFiles */ = {isa = PBXBuildFile; fileRef = BC9E36511E525A3200B8604F /* GPUImage.framework */; settings = {ATTRIBUTES = (CodeSignOnCopy, RemoveHeadersOnCopy, ); }; };
		BCFB05951CBF1AAF009B2333 /* FilterOperations.swift in Sources */ = {isa = PBXBuildFile; fileRef = BCFB05931CBF1AAF009B2333 /* FilterOperations.swift */; };
		BCFB05961CBF1AAF009B2333 /* FilterOperationTypes.swift in Sources */ = {isa = PBXBuildFile; fileRef = BCFB05941CBF1AAF009B2333 /* FilterOperationTypes.swift */; };
		BCFB05981CBF1ABD009B2333 /* Assets-iOS.xcassets in Resources */ = {isa = PBXBuildFile; fileRef = BCFB05971CBF1ABD009B2333 /* Assets-iOS.xcassets */; };
		BCFB059B1CBF1ACA009B2333 /* Mask.png in Resources */ = {isa = PBXBuildFile; fileRef = BCFB05991CBF1ACA009B2333 /* Mask.png */; };
		BCFB059C1CBF1ACA009B2333 /* WID-small.jpg in Resources */ = {isa = PBXBuildFile; fileRef = BCFB059A1CBF1ACA009B2333 /* WID-small.jpg */; };
		BCFB05A11CBF1AE5009B2333 /* lookup_amatorka.png in Resources */ = {isa = PBXBuildFile; fileRef = BCFB059D1CBF1AE5009B2333 /* lookup_amatorka.png */; };
		BCFB05A21CBF1AE5009B2333 /* lookup_miss_etikate.png in Resources */ = {isa = PBXBuildFile; fileRef = BCFB059E1CBF1AE5009B2333 /* lookup_miss_etikate.png */; };
		BCFB05A31CBF1AE5009B2333 /* lookup_soft_elegance_1.png in Resources */ = {isa = PBXBuildFile; fileRef = BCFB059F1CBF1AE5009B2333 /* lookup_soft_elegance_1.png */; };
		BCFB05A41CBF1AE5009B2333 /* lookup_soft_elegance_2.png in Resources */ = {isa = PBXBuildFile; fileRef = BCFB05A01CBF1AE5009B2333 /* lookup_soft_elegance_2.png */; };
		BCFB078A1CBF361A009B2333 /* LaunchScreen.storyboard in Resources */ = {isa = PBXBuildFile; fileRef = BCFB07881CBF361A009B2333 /* LaunchScreen.storyboard */; };
/* End PBXBuildFile section */

/* Begin PBXContainerItemProxy section */
		BC9E364C1E525A3200B8604F /* PBXContainerItemProxy */ = {
			isa = PBXContainerItemProxy;
			containerPortal = BC9E36451E525A3200B8604F /* GPUImage.xcodeproj */;
			proxyType = 2;
			remoteGlobalIDString = BC6E7CAB1C39A9D8006DF678;
			remoteInfo = GPUImage_macOS;
		};
		BC9E364E1E525A3200B8604F /* PBXContainerItemProxy */ = {
			isa = PBXContainerItemProxy;
			containerPortal = BC9E36451E525A3200B8604F /* GPUImage.xcodeproj */;
			proxyType = 2;
			remoteGlobalIDString = BC6E7CB51C39A9D8006DF678;
			remoteInfo = GPUImageTests_macOS;
		};
		BC9E36501E525A3200B8604F /* PBXContainerItemProxy */ = {
			isa = PBXContainerItemProxy;
			containerPortal = BC9E36451E525A3200B8604F /* GPUImage.xcodeproj */;
			proxyType = 2;
			remoteGlobalIDString = BC9E34E91E524A2200B8604F;
			remoteInfo = GPUImage_iOS;
		};
		BC9E36521E525A3200B8604F /* PBXContainerItemProxy */ = {
			isa = PBXContainerItemProxy;
			containerPortal = BC9E36451E525A3200B8604F /* GPUImage.xcodeproj */;
			proxyType = 2;
			remoteGlobalIDString = BC9E34F11E524A2200B8604F;
			remoteInfo = GPUImageTests_iOS;
		};
		BC9E36541E525A3E00B8604F /* PBXContainerItemProxy */ = {
			isa = PBXContainerItemProxy;
			containerPortal = BC9E36451E525A3200B8604F /* GPUImage.xcodeproj */;
			proxyType = 1;
			remoteGlobalIDString = BC9E34E81E524A2200B8604F;
			remoteInfo = GPUImage_iOS;
		};
/* End PBXContainerItemProxy section */

/* Begin PBXCopyFilesBuildPhase section */
		BC0037EC195CC54100B9D651 /* CopyFiles */ = {
			isa = PBXCopyFilesBuildPhase;
			buildActionMask = 2147483647;
			dstPath = "";
			dstSubfolderSpec = 10;
			files = (
				BC9E36561E525A4200B8604F /* GPUImage.framework in CopyFiles */,
			);
			runOnlyForDeploymentPostprocessing = 0;
		};
/* End PBXCopyFilesBuildPhase section */

/* Begin PBXFileReference section */
		BC0037B7195CA11B00B9D651 /* FilterShowcase.app */ = {isa = PBXFileReference; explicitFileType = wrapper.application; includeInIndex = 0; path = FilterShowcase.app; sourceTree = BUILT_PRODUCTS_DIR; };
		BC0037BB195CA11B00B9D651 /* Info.plist */ = {isa = PBXFileReference; lastKnownFileType = text.plist.xml; path = Info.plist; sourceTree = "<group>"; };
		BC0037BC195CA11B00B9D651 /* AppDelegate.swift */ = {isa = PBXFileReference; lastKnownFileType = sourcecode.swift; path = AppDelegate.swift; sourceTree = "<group>"; };
		BC0037BE195CA11B00B9D651 /* FilterListViewController.swift */ = {isa = PBXFileReference; lastKnownFileType = sourcecode.swift; path = FilterListViewController.swift; sourceTree = "<group>"; };
		BC0037C0195CA11B00B9D651 /* FilterDisplayViewController.swift */ = {isa = PBXFileReference; lastKnownFileType = sourcecode.swift; path = FilterDisplayViewController.swift; sourceTree = "<group>"; };
		BC0037C3195CA11B00B9D651 /* Base */ = {isa = PBXFileReference; lastKnownFileType = file.storyboard; name = Base; path = Base.lproj/Main.storyboard; sourceTree = "<group>"; };
		BC9E36451E525A3200B8604F /* GPUImage.xcodeproj */ = {isa = PBXFileReference; lastKnownFileType = "wrapper.pb-project"; name = GPUImage.xcodeproj; path = ../../../../framework/GPUImage.xcodeproj; sourceTree = "<group>"; };
		BCFB05931CBF1AAF009B2333 /* FilterOperations.swift */ = {isa = PBXFileReference; fileEncoding = 4; lastKnownFileType = sourcecode.swift; name = FilterOperations.swift; path = ../../../Mac/FilterShowcase/FilterShowcase/FilterOperations.swift; sourceTree = "<group>"; };
		BCFB05941CBF1AAF009B2333 /* FilterOperationTypes.swift */ = {isa = PBXFileReference; fileEncoding = 4; lastKnownFileType = sourcecode.swift; name = FilterOperationTypes.swift; path = ../../../Mac/FilterShowcase/FilterShowcase/FilterOperationTypes.swift; sourceTree = "<group>"; };
		BCFB05971CBF1ABD009B2333 /* Assets-iOS.xcassets */ = {isa = PBXFileReference; lastKnownFileType = folder.assetcatalog; name = "Assets-iOS.xcassets"; path = "../../../SharedAssets/Assets-iOS.xcassets"; sourceTree = "<group>"; };
		BCFB05991CBF1ACA009B2333 /* Mask.png */ = {isa = PBXFileReference; lastKnownFileType = image.png; name = Mask.png; path = ../../../SharedAssets/Mask.png; sourceTree = "<group>"; };
		BCFB059A1CBF1ACA009B2333 /* WID-small.jpg */ = {isa = PBXFileReference; lastKnownFileType = image.jpeg; name = "WID-small.jpg"; path = "../../../SharedAssets/WID-small.jpg"; sourceTree = "<group>"; };
		BCFB059D1CBF1AE5009B2333 /* lookup_amatorka.png */ = {isa = PBXFileReference; lastKnownFileType = image.png; name = lookup_amatorka.png; path = ../../../../framework/Source/Operations/LookupImages/lookup_amatorka.png; sourceTree = "<group>"; };
		BCFB059E1CBF1AE5009B2333 /* lookup_miss_etikate.png */ = {isa = PBXFileReference; lastKnownFileType = image.png; name = lookup_miss_etikate.png; path = ../../../../framework/Source/Operations/LookupImages/lookup_miss_etikate.png; sourceTree = "<group>"; };
		BCFB059F1CBF1AE5009B2333 /* lookup_soft_elegance_1.png */ = {isa = PBXFileReference; lastKnownFileType = image.png; name = lookup_soft_elegance_1.png; path = ../../../../framework/Source/Operations/LookupImages/lookup_soft_elegance_1.png; sourceTree = "<group>"; };
		BCFB05A01CBF1AE5009B2333 /* lookup_soft_elegance_2.png */ = {isa = PBXFileReference; lastKnownFileType = image.png; name = lookup_soft_elegance_2.png; path = ../../../../framework/Source/Operations/LookupImages/lookup_soft_elegance_2.png; sourceTree = "<group>"; };
		BCFB07891CBF361A009B2333 /* Base */ = {isa = PBXFileReference; lastKnownFileType = file.storyboard; name = Base; path = Base.lproj/LaunchScreen.storyboard; sourceTree = "<group>"; };
/* End PBXFileReference section */

/* Begin PBXFrameworksBuildPhase section */
		BC0037B4195CA11B00B9D651 /* Frameworks */ = {
			isa = PBXFrameworksBuildPhase;
			buildActionMask = 2147483647;
			files = (
			);
			runOnlyForDeploymentPostprocessing = 0;
		};
/* End PBXFrameworksBuildPhase section */

/* Begin PBXGroup section */
		BC0037AE195CA11B00B9D651 = {
			isa = PBXGroup;
			children = (
				BC0037B9195CA11B00B9D651 /* User interface */,
				BCA018951960B031004BC89E /* Operations */,
				BC0037BA195CA11B00B9D651 /* Supporting Files */,
				BC0037B8195CA11B00B9D651 /* Products */,
			);
			sourceTree = "<group>";
		};
		BC0037B8195CA11B00B9D651 /* Products */ = {
			isa = PBXGroup;
			children = (
				BC0037B7195CA11B00B9D651 /* FilterShowcase.app */,
			);
			name = Products;
			sourceTree = "<group>";
		};
		BC0037B9195CA11B00B9D651 /* User interface */ = {
			isa = PBXGroup;
			children = (
				BC0037BC195CA11B00B9D651 /* AppDelegate.swift */,
				BC0037BE195CA11B00B9D651 /* FilterListViewController.swift */,
				BC0037C0195CA11B00B9D651 /* FilterDisplayViewController.swift */,
				BC0037C2195CA11B00B9D651 /* Main.storyboard */,
				BCFB07881CBF361A009B2333 /* LaunchScreen.storyboard */,
			);
			name = "User interface";
			path = FilterShowcaseSwift;
			sourceTree = "<group>";
		};
		BC0037BA195CA11B00B9D651 /* Supporting Files */ = {
			isa = PBXGroup;
			children = (
				BCFB059D1CBF1AE5009B2333 /* lookup_amatorka.png */,
				BCFB059E1CBF1AE5009B2333 /* lookup_miss_etikate.png */,
				BCFB059F1CBF1AE5009B2333 /* lookup_soft_elegance_1.png */,
				BCFB05A01CBF1AE5009B2333 /* lookup_soft_elegance_2.png */,
				BCFB05991CBF1ACA009B2333 /* Mask.png */,
				BCFB059A1CBF1ACA009B2333 /* WID-small.jpg */,
				BCFB05971CBF1ABD009B2333 /* Assets-iOS.xcassets */,
				BC0037BB195CA11B00B9D651 /* Info.plist */,
			);
			name = "Supporting Files";
			path = FilterShowcaseSwift;
			sourceTree = "<group>";
		};
		BC9E36461E525A3200B8604F /* Products */ = {
			isa = PBXGroup;
			children = (
				BC9E364D1E525A3200B8604F /* GPUImage.framework */,
				BC9E364F1E525A3200B8604F /* GPUImageTests_macOS.xctest */,
				BC9E36511E525A3200B8604F /* GPUImage.framework */,
				BC9E36531E525A3200B8604F /* GPUImageTests_iOS.xctest */,
			);
			name = Products;
			sourceTree = "<group>";
		};
		BCA018951960B031004BC89E /* Operations */ = {
			isa = PBXGroup;
			children = (
				BCFB05931CBF1AAF009B2333 /* FilterOperations.swift */,
				BCFB05941CBF1AAF009B2333 /* FilterOperationTypes.swift */,
				BC9E36451E525A3200B8604F /* GPUImage.xcodeproj */,
			);
			name = Operations;
			path = FilterShowcaseSwift;
			sourceTree = "<group>";
		};
/* End PBXGroup section */

/* Begin PBXNativeTarget section */
		BC0037B6195CA11B00B9D651 /* FilterShowcase */ = {
			isa = PBXNativeTarget;
			buildConfigurationList = BC0037D5195CA11B00B9D651 /* Build configuration list for PBXNativeTarget "FilterShowcase" */;
			buildPhases = (
				BC0037B3195CA11B00B9D651 /* Sources */,
				BC0037B4195CA11B00B9D651 /* Frameworks */,
				BC0037B5195CA11B00B9D651 /* Resources */,
				BC0037EC195CC54100B9D651 /* CopyFiles */,
			);
			buildRules = (
			);
			dependencies = (
				BC9E36551E525A3E00B8604F /* PBXTargetDependency */,
			);
			name = FilterShowcase;
			productName = FilterShowcaseSwift;
			productReference = BC0037B7195CA11B00B9D651 /* FilterShowcase.app */;
			productType = "com.apple.product-type.application";
		};
/* End PBXNativeTarget section */

/* Begin PBXProject section */
		BC0037AF195CA11B00B9D651 /* Project object */ = {
			isa = PBXProject;
			attributes = {
				LastSwiftUpdateCheck = 0700;
				LastUpgradeCheck = 0940;
				ORGANIZATIONNAME = "Sunset Lake Software";
				TargetAttributes = {
					BC0037B6195CA11B00B9D651 = {
						CreatedOnToolsVersion = 6.0;
						DevelopmentTeam = J2U2U9GBML;
						LastSwiftMigration = 0940;
						ProvisioningStyle = Automatic;
					};
				};
			};
			buildConfigurationList = BC0037B2195CA11B00B9D651 /* Build configuration list for PBXProject "FilterShowcase" */;
			compatibilityVersion = "Xcode 3.2";
			developmentRegion = English;
			hasScannedForEncodings = 0;
			knownRegions = (
				English,
				en,
				Base,
			);
			mainGroup = BC0037AE195CA11B00B9D651;
			productRefGroup = BC0037B8195CA11B00B9D651 /* Products */;
			projectDirPath = "";
			projectReferences = (
				{
					ProductGroup = BC9E36461E525A3200B8604F /* Products */;
					ProjectRef = BC9E36451E525A3200B8604F /* GPUImage.xcodeproj */;
				},
			);
			projectRoot = "";
			targets = (
				BC0037B6195CA11B00B9D651 /* FilterShowcase */,
			);
		};
/* End PBXProject section */

/* Begin PBXReferenceProxy section */
		BC9E364D1E525A3200B8604F /* GPUImage.framework */ = {
			isa = PBXReferenceProxy;
			fileType = wrapper.framework;
			path = GPUImage.framework;
			remoteRef = BC9E364C1E525A3200B8604F /* PBXContainerItemProxy */;
			sourceTree = BUILT_PRODUCTS_DIR;
		};
		BC9E364F1E525A3200B8604F /* GPUImageTests_macOS.xctest */ = {
			isa = PBXReferenceProxy;
			fileType = wrapper.cfbundle;
			path = GPUImageTests_macOS.xctest;
			remoteRef = BC9E364E1E525A3200B8604F /* PBXContainerItemProxy */;
			sourceTree = BUILT_PRODUCTS_DIR;
		};
		BC9E36511E525A3200B8604F /* GPUImage.framework */ = {
			isa = PBXReferenceProxy;
			fileType = wrapper.framework;
			path = GPUImage.framework;
			remoteRef = BC9E36501E525A3200B8604F /* PBXContainerItemProxy */;
			sourceTree = BUILT_PRODUCTS_DIR;
		};
		BC9E36531E525A3200B8604F /* GPUImageTests_iOS.xctest */ = {
			isa = PBXReferenceProxy;
			fileType = wrapper.cfbundle;
			path = GPUImageTests_iOS.xctest;
			remoteRef = BC9E36521E525A3200B8604F /* PBXContainerItemProxy */;
			sourceTree = BUILT_PRODUCTS_DIR;
		};
/* End PBXReferenceProxy section */

/* Begin PBXResourcesBuildPhase section */
		BC0037B5195CA11B00B9D651 /* Resources */ = {
			isa = PBXResourcesBuildPhase;
			buildActionMask = 2147483647;
			files = (
				BCFB078A1CBF361A009B2333 /* LaunchScreen.storyboard in Resources */,
				BCFB05A31CBF1AE5009B2333 /* lookup_soft_elegance_1.png in Resources */,
				BCFB05A11CBF1AE5009B2333 /* lookup_amatorka.png in Resources */,
				BCFB059B1CBF1ACA009B2333 /* Mask.png in Resources */,
				BCFB05981CBF1ABD009B2333 /* Assets-iOS.xcassets in Resources */,
				BCFB059C1CBF1ACA009B2333 /* WID-small.jpg in Resources */,
				BC0037C4195CA11B00B9D651 /* Main.storyboard in Resources */,
				BCFB05A41CBF1AE5009B2333 /* lookup_soft_elegance_2.png in Resources */,
				BCFB05A21CBF1AE5009B2333 /* lookup_miss_etikate.png in Resources */,
			);
			runOnlyForDeploymentPostprocessing = 0;
		};
/* End PBXResourcesBuildPhase section */

/* Begin PBXSourcesBuildPhase section */
		BC0037B3195CA11B00B9D651 /* Sources */ = {
			isa = PBXSourcesBuildPhase;
			buildActionMask = 2147483647;
			files = (
				BC0037C1195CA11B00B9D651 /* FilterDisplayViewController.swift in Sources */,
				BC0037BF195CA11B00B9D651 /* FilterListViewController.swift in Sources */,
				BC0037BD195CA11B00B9D651 /* AppDelegate.swift in Sources */,
				BCFB05961CBF1AAF009B2333 /* FilterOperationTypes.swift in Sources */,
				BCFB05951CBF1AAF009B2333 /* FilterOperations.swift in Sources */,
			);
			runOnlyForDeploymentPostprocessing = 0;
		};
/* End PBXSourcesBuildPhase section */

/* Begin PBXTargetDependency section */
		BC9E36551E525A3E00B8604F /* PBXTargetDependency */ = {
			isa = PBXTargetDependency;
			name = GPUImage_iOS;
			targetProxy = BC9E36541E525A3E00B8604F /* PBXContainerItemProxy */;
		};
/* End PBXTargetDependency section */

/* Begin PBXVariantGroup section */
		BC0037C2195CA11B00B9D651 /* Main.storyboard */ = {
			isa = PBXVariantGroup;
			children = (
				BC0037C3195CA11B00B9D651 /* Base */,
			);
			name = Main.storyboard;
			sourceTree = "<group>";
		};
		BCFB07881CBF361A009B2333 /* LaunchScreen.storyboard */ = {
			isa = PBXVariantGroup;
			children = (
				BCFB07891CBF361A009B2333 /* Base */,
			);
			name = LaunchScreen.storyboard;
			sourceTree = "<group>";
		};
/* End PBXVariantGroup section */

/* Begin XCBuildConfiguration section */
		BC0037D3195CA11B00B9D651 /* Debug */ = {
			isa = XCBuildConfiguration;
			buildSettings = {
				ALWAYS_SEARCH_USER_PATHS = NO;
				CLANG_CXX_LANGUAGE_STANDARD = "gnu++0x";
				CLANG_CXX_LIBRARY = "libc++";
				CLANG_ENABLE_MODULES = YES;
				CLANG_ENABLE_OBJC_ARC = YES;
				CLANG_WARN_BLOCK_CAPTURE_AUTORELEASING = YES;
				CLANG_WARN_BOOL_CONVERSION = YES;
				CLANG_WARN_COMMA = YES;
				CLANG_WARN_CONSTANT_CONVERSION = YES;
				CLANG_WARN_DEPRECATED_OBJC_IMPLEMENTATIONS = YES;
				CLANG_WARN_DIRECT_OBJC_ISA_USAGE = YES_ERROR;
				CLANG_WARN_EMPTY_BODY = YES;
				CLANG_WARN_ENUM_CONVERSION = YES;
				CLANG_WARN_INFINITE_RECURSION = YES;
				CLANG_WARN_INT_CONVERSION = YES;
				CLANG_WARN_NON_LITERAL_NULL_CONVERSION = YES;
				CLANG_WARN_OBJC_IMPLICIT_RETAIN_SELF = YES;
				CLANG_WARN_OBJC_LITERAL_CONVERSION = YES;
				CLANG_WARN_OBJC_ROOT_CLASS = YES_ERROR;
				CLANG_WARN_RANGE_LOOP_ANALYSIS = YES;
				CLANG_WARN_STRICT_PROTOTYPES = YES;
				CLANG_WARN_SUSPICIOUS_MOVE = YES;
				CLANG_WARN_UNREACHABLE_CODE = YES;
				CLANG_WARN__DUPLICATE_METHOD_MATCH = YES;
				"CODE_SIGN_IDENTITY[sdk=iphoneos*]" = "iPhone Developer";
				COPY_PHASE_STRIP = NO;
				ENABLE_BITCODE = NO;
				ENABLE_STRICT_OBJC_MSGSEND = YES;
				ENABLE_TESTABILITY = YES;
				GCC_C_LANGUAGE_STANDARD = gnu99;
				GCC_DYNAMIC_NO_PIC = NO;
				GCC_NO_COMMON_BLOCKS = YES;
				GCC_OPTIMIZATION_LEVEL = 0;
				GCC_PREPROCESSOR_DEFINITIONS = (
					"DEBUG=1",
					"$(inherited)",
				);
				GCC_SYMBOLS_PRIVATE_EXTERN = NO;
				GCC_WARN_64_TO_32_BIT_CONVERSION = YES;
				GCC_WARN_ABOUT_RETURN_TYPE = YES_ERROR;
				GCC_WARN_UNDECLARED_SELECTOR = YES;
				GCC_WARN_UNINITIALIZED_AUTOS = YES_AGGRESSIVE;
				GCC_WARN_UNUSED_FUNCTION = YES;
				GCC_WARN_UNUSED_VARIABLE = YES;
				IPHONEOS_DEPLOYMENT_TARGET = 8.0;
				METAL_ENABLE_DEBUG_INFO = YES;
				ONLY_ACTIVE_ARCH = YES;
				SDKROOT = iphoneos;
				SWIFT_OPTIMIZATION_LEVEL = "-Onone";
				SWIFT_VERSION = 4.2;
				TARGETED_DEVICE_FAMILY = "1,2";
			};
			name = Debug;
		};
		BC0037D4195CA11B00B9D651 /* Release */ = {
			isa = XCBuildConfiguration;
			buildSettings = {
				ALWAYS_SEARCH_USER_PATHS = NO;
				CLANG_CXX_LANGUAGE_STANDARD = "gnu++0x";
				CLANG_CXX_LIBRARY = "libc++";
				CLANG_ENABLE_MODULES = YES;
				CLANG_ENABLE_OBJC_ARC = YES;
				CLANG_WARN_BLOCK_CAPTURE_AUTORELEASING = YES;
				CLANG_WARN_BOOL_CONVERSION = YES;
				CLANG_WARN_COMMA = YES;
				CLANG_WARN_CONSTANT_CONVERSION = YES;
				CLANG_WARN_DEPRECATED_OBJC_IMPLEMENTATIONS = YES;
				CLANG_WARN_DIRECT_OBJC_ISA_USAGE = YES_ERROR;
				CLANG_WARN_EMPTY_BODY = YES;
				CLANG_WARN_ENUM_CONVERSION = YES;
				CLANG_WARN_INFINITE_RECURSION = YES;
				CLANG_WARN_INT_CONVERSION = YES;
				CLANG_WARN_NON_LITERAL_NULL_CONVERSION = YES;
				CLANG_WARN_OBJC_IMPLICIT_RETAIN_SELF = YES;
				CLANG_WARN_OBJC_LITERAL_CONVERSION = YES;
				CLANG_WARN_OBJC_ROOT_CLASS = YES_ERROR;
				CLANG_WARN_RANGE_LOOP_ANALYSIS = YES;
				CLANG_WARN_STRICT_PROTOTYPES = YES;
				CLANG_WARN_SUSPICIOUS_MOVE = YES;
				CLANG_WARN_UNREACHABLE_CODE = YES;
				CLANG_WARN__DUPLICATE_METHOD_MATCH = YES;
				"CODE_SIGN_IDENTITY[sdk=iphoneos*]" = "iPhone Developer";
				COPY_PHASE_STRIP = YES;
				ENABLE_BITCODE = NO;
				ENABLE_NS_ASSERTIONS = NO;
				ENABLE_STRICT_OBJC_MSGSEND = YES;
				GCC_C_LANGUAGE_STANDARD = gnu99;
				GCC_NO_COMMON_BLOCKS = YES;
				GCC_WARN_64_TO_32_BIT_CONVERSION = YES;
				GCC_WARN_ABOUT_RETURN_TYPE = YES_ERROR;
				GCC_WARN_UNDECLARED_SELECTOR = YES;
				GCC_WARN_UNINITIALIZED_AUTOS = YES_AGGRESSIVE;
				GCC_WARN_UNUSED_FUNCTION = YES;
				GCC_WARN_UNUSED_VARIABLE = YES;
				IPHONEOS_DEPLOYMENT_TARGET = 8.0;
				METAL_ENABLE_DEBUG_INFO = NO;
				SDKROOT = iphoneos;
				SWIFT_VERSION = 4.2;
				TARGETED_DEVICE_FAMILY = "1,2";
				VALIDATE_PRODUCT = YES;
			};
			name = Release;
		};
		BC0037D6195CA11B00B9D651 /* Debug */ = {
			isa = XCBuildConfiguration;
			buildSettings = {
				ASSETCATALOG_COMPILER_APPICON_NAME = AppIcon;
				CODE_SIGN_IDENTITY = "iPhone Developer";
				"CODE_SIGN_IDENTITY[sdk=iphoneos*]" = "iPhone Developer";
				CODE_SIGN_STYLE = Automatic;
				DEVELOPMENT_TEAM = J2U2U9GBML;
				INFOPLIST_FILE = FilterShowcaseSwift/Info.plist;
				LD_RUNPATH_SEARCH_PATHS = "$(inherited) @executable_path/Frameworks";
				PRODUCT_BUNDLE_IDENTIFIER = "com.sunsetlakesoftware.${PRODUCT_NAME:rfc1034identifier}";
				PRODUCT_NAME = FilterShowcase;
				PROVISIONING_PROFILE_SPECIFIER = "";
				SWIFT_SWIFT3_OBJC_INFERENCE = On;
			};
			name = Debug;
		};
		BC0037D7195CA11B00B9D651 /* Release */ = {
			isa = XCBuildConfiguration;
			buildSettings = {
				ASSETCATALOG_COMPILER_APPICON_NAME = AppIcon;
				CODE_SIGN_IDENTITY = "iPhone Developer";
				"CODE_SIGN_IDENTITY[sdk=iphoneos*]" = "iPhone Developer";
				CODE_SIGN_STYLE = Automatic;
				DEVELOPMENT_TEAM = J2U2U9GBML;
				INFOPLIST_FILE = FilterShowcaseSwift/Info.plist;
				LD_RUNPATH_SEARCH_PATHS = "$(inherited) @executable_path/Frameworks";
				PRODUCT_BUNDLE_IDENTIFIER = "com.sunsetlakesoftware.${PRODUCT_NAME:rfc1034identifier}";
				PRODUCT_NAME = FilterShowcase;
				PROVISIONING_PROFILE_SPECIFIER = "";
				SWIFT_OPTIMIZATION_LEVEL = "-Owholemodule";
				SWIFT_SWIFT3_OBJC_INFERENCE = On;
			};
			name = Release;
		};
/* End XCBuildConfiguration section */

/* Begin XCConfigurationList section */
		BC0037B2195CA11B00B9D651 /* Build configuration list for PBXProject "FilterShowcase" */ = {
			isa = XCConfigurationList;
			buildConfigurations = (
				BC0037D3195CA11B00B9D651 /* Debug */,
				BC0037D4195CA11B00B9D651 /* Release */,
			);
			defaultConfigurationIsVisible = 0;
			defaultConfigurationName = Release;
		};
		BC0037D5195CA11B00B9D651 /* Build configuration list for PBXNativeTarget "FilterShowcase" */ = {
			isa = XCConfigurationList;
			buildConfigurations = (
				BC0037D6195CA11B00B9D651 /* Debug */,
				BC0037D7195CA11B00B9D651 /* Release */,
			);
			defaultConfigurationIsVisible = 0;
			defaultConfigurationName = Release;
		};
/* End XCConfigurationList section */
	};
	rootObject = BC0037AF195CA11B00B9D651 /* Project object */;
}
