{
  "object": {
    "pins": [
      {
        "package": "CFreeGLUT",
        "repositoryURL": "https://github.com/BradLarson/CFreeGLUT.git",
        "state": {
          "branch": null,
          "revision": "efe8d33674300c032662f6031b84c93147b4a8b7",
          "version": "1.0.1"
        }
      },
      {
        "package": "COpenGL",
        "repositoryURL": "https://github.com/BradLarson/COpenGL.git",
        "state": {
          "branch": null,
          "revision": "328a86b37fcfc177b1b74c987f5f2198731fbdb2",
          "version": "1.0.2"
        }
      },
      {
        "package": "CVideo4Linux",
        "repositoryURL": "https://github.com/BradLarson/CVideo4Linux.git",
        "state": {
          "branch": null,
          "revision": "9598a1a7ce569119152572644debdca48c2d2a92",
          "version": "1.0.2"
        }
      }
    ]
  },
  "version": 1
}
