// !$*UTF8*$!
{
	archiveVersion = 1;
	classes = {
	};
	objectVersion = 46;
	objects = {

/* Begin PBXBuildFile section */
		BC7F5B661CBEA06600C39D33 /* Assets.xcassets in Resources */ = {isa = PBXBuildFile; fileRef = BC7F5B651CBEA06600C39D33 /* Assets.xcassets */; };
		BC91EDB21C91DC4600C704A8 /* AppDelegate.swift in Sources */ = {isa = PBXBuildFile; fileRef = BC91EDB11C91DC4600C704A8 /* AppDelegate.swift */; };
		BC91EDB71C91DC4600C704A8 /* MainMenu.xib in Resources */ = {isa = PBXBuildFile; fileRef = BC91EDB51C91DC4600C704A8 /* MainMenu.xib */; };
		BC9E36301E5259AA00B8604F /* GPUImage.framework in CopyFiles */ = {isa = PBXBuildFile; fileRef = BC9E36271E52599600B8604F /* GPUImage.framework */; settings = {ATTRIBUTES = (CodeSignOnCopy, RemoveHeadersOnCopy, ); }; };
/* End PBXBuildFile section */

/* Begin PBXContainerItemProxy section */
		BC9E36261E52599600B8604F /* PBXContainerItemProxy */ = {
			isa = PBXContainerItemProxy;
			containerPortal = BC9E361F1E52599600B8604F /* GPUImage.xcodeproj */;
			proxyType = 2;
			remoteGlobalIDString = BC6E7CAB1C39A9D8006DF678;
			remoteInfo = GPUImage_macOS;
		};
		BC9E36281E52599600B8604F /* PBXContainerItemProxy */ = {
			isa = PBXContainerItemProxy;
			containerPortal = BC9E361F1E52599600B8604F /* GPUImage.xcodeproj */;
			proxyType = 2;
			remoteGlobalIDString = BC6E7CB51C39A9D8006DF678;
			remoteInfo = GPUImageTests_macOS;
		};
		BC9E362A1E52599600B8604F /* PBXContainerItemProxy */ = {
			isa = PBXContainerItemProxy;
			containerPortal = BC9E361F1E52599600B8604F /* GPUImage.xcodeproj */;
			proxyType = 2;
			remoteGlobalIDString = BC9E34E91E524A2200B8604F;
			remoteInfo = GPUImage_iOS;
		};
		BC9E362C1E52599600B8604F /* PBXContainerItemProxy */ = {
			isa = PBXContainerItemProxy;
			containerPortal = BC9E361F1E52599600B8604F /* GPUImage.xcodeproj */;
			proxyType = 2;
			remoteGlobalIDString = BC9E34F11E524A2200B8604F;
			remoteInfo = GPUImageTests_iOS;
		};
		BC9E362E1E5259A300B8604F /* PBXContainerItemProxy */ = {
			isa = PBXContainerItemProxy;
			containerPortal = BC9E361F1E52599600B8604F /* GPUImage.xcodeproj */;
			proxyType = 1;
			remoteGlobalIDString = BC6E7CAA1C39A9D8006DF678;
			remoteInfo = GPUImage_macOS;
		};
/* End PBXContainerItemProxy section */

/* Begin PBXCopyFilesBuildPhase section */
		BC91EDC91C91DCD800C704A8 /* CopyFiles */ = {
			isa = PBXCopyFilesBuildPhase;
			buildActionMask = 2147483647;
			dstPath = "";
			dstSubfolderSpec = 10;
			files = (
				BC9E36301E5259AA00B8604F /* GPUImage.framework in CopyFiles */,
			);
			runOnlyForDeploymentPostprocessing = 0;
		};
/* End PBXCopyFilesBuildPhase section */

/* Begin PBXFileReference section */
		BC7F5B651CBEA06600C39D33 /* Assets.xcassets */ = {isa = PBXFileReference; lastKnownFileType = folder.assetcatalog; name = Assets.xcassets; path = ../../../SharedAssets/Assets.xcassets; sourceTree = "<group>"; };
		BC91EDAE1C91DC4600C704A8 /* SimpleVideoFilter.app */ = {isa = PBXFileReference; explicitFileType = wrapper.application; includeInIndex = 0; path = SimpleVideoFilter.app; sourceTree = BUILT_PRODUCTS_DIR; };
		BC91EDB11C91DC4600C704A8 /* AppDelegate.swift */ = {isa = PBXFileReference; lastKnownFileType = sourcecode.swift; path = AppDelegate.swift; sourceTree = "<group>"; };
		BC91EDB61C91DC4600C704A8 /* Base */ = {isa = PBXFileReference; lastKnownFileType = file.xib; name = Base; path = Base.lproj/MainMenu.xib; sourceTree = "<group>"; };
		BC91EDB81C91DC4600C704A8 /* Info.plist */ = {isa = PBXFileReference; lastKnownFileType = text.plist.xml; path = Info.plist; sourceTree = "<group>"; };
		BC9E361F1E52599600B8604F /* GPUImage.xcodeproj */ = {isa = PBXFileReference; lastKnownFileType = "wrapper.pb-project"; name = GPUImage.xcodeproj; path = ../../../../framework/GPUImage.xcodeproj; sourceTree = "<group>"; };
/* End PBXFileReference section */

/* Begin PBXFrameworksBuildPhase section */
		BC91EDAB1C91DC4600C704A8 /* Frameworks */ = {
			isa = PBXFrameworksBuildPhase;
			buildActionMask = 2147483647;
			files = (
			);
			runOnlyForDeploymentPostprocessing = 0;
		};
/* End PBXFrameworksBuildPhase section */

/* Begin PBXGroup section */
		BC91EDA51C91DC4500C704A8 = {
			isa = PBXGroup;
			children = (
				BC91EDB01C91DC4600C704A8 /* Application */,
				BCD985D71CA49AC3001FF01F /* Resources */,
				BC91EDAF1C91DC4600C704A8 /* Products */,
			);
			sourceTree = "<group>";
		};
		BC91EDAF1C91DC4600C704A8 /* Products */ = {
			isa = PBXGroup;
			children = (
				BC91EDAE1C91DC4600C704A8 /* SimpleVideoFilter.app */,
			);
			name = Products;
			sourceTree = "<group>";
		};
		BC91EDB01C91DC4600C704A8 /* Application */ = {
			isa = PBXGroup;
			children = (
				BC91EDB11C91DC4600C704A8 /* AppDelegate.swift */,
				BC91EDB51C91DC4600C704A8 /* MainMenu.xib */,
				BC9E361F1E52599600B8604F /* GPUImage.xcodeproj */,
			);
			name = Application;
			path = SimpleVideoFilter;
			sourceTree = "<group>";
		};
		BC9E36201E52599600B8604F /* Products */ = {
			isa = PBXGroup;
			children = (
				BC9E36271E52599600B8604F /* GPUImage.framework */,
				BC9E36291E52599600B8604F /* GPUImageTests_macOS.xctest */,
				BC9E362B1E52599600B8604F /* GPUImage.framework */,
				BC9E362D1E52599600B8604F /* GPUImageTests_iOS.xctest */,
			);
			name = Products;
			sourceTree = "<group>";
		};
		BCD985D71CA49AC3001FF01F /* Resources */ = {
			isa = PBXGroup;
			children = (
				BC7F5B651CBEA06600C39D33 /* Assets.xcassets */,
				BC91EDB81C91DC4600C704A8 /* Info.plist */,
			);
			name = Resources;
			path = SimpleVideoFilter;
			sourceTree = "<group>";
		};
/* End PBXGroup section */

/* Begin PBXNativeTarget section */
		BC91EDAD1C91DC4600C704A8 /* SimpleVideoFilter */ = {
			isa = PBXNativeTarget;
			buildConfigurationList = BC91EDBB1C91DC4600C704A8 /* Build configuration list for PBXNativeTarget "SimpleVideoFilter" */;
			buildPhases = (
				BC91EDAA1C91DC4600C704A8 /* Sources */,
				BC91EDAB1C91DC4600C704A8 /* Frameworks */,
				BC91EDAC1C91DC4600C704A8 /* Resources */,
				BC91EDC91C91DCD800C704A8 /* CopyFiles */,
			);
			buildRules = (
			);
			dependencies = (
				BC9E362F1E5259A300B8604F /* PBXTargetDependency */,
			);
			name = SimpleVideoFilter;
			productName = SimpleVideoFilter;
			productReference = BC91EDAE1C91DC4600C704A8 /* SimpleVideoFilter.app */;
			productType = "com.apple.product-type.application";
		};
/* End PBXNativeTarget section */

/* Begin PBXProject section */
		BC91EDA61C91DC4500C704A8 /* Project object */ = {
			isa = PBXProject;
			attributes = {
				LastSwiftUpdateCheck = 0720;
				LastUpgradeCheck = 0940;
				ORGANIZATIONNAME = "Sunset Lake Software LLC";
				TargetAttributes = {
					BC91EDAD1C91DC4600C704A8 = {
						CreatedOnToolsVersion = 7.2.1;
						LastSwiftMigration = 0940;
					};
				};
			};
			buildConfigurationList = BC91EDA91C91DC4500C704A8 /* Build configuration list for PBXProject "SimpleVideoFilter" */;
			compatibilityVersion = "Xcode 3.2";
			developmentRegion = English;
			hasScannedForEncodings = 0;
			knownRegions = (
				en,
				Base,
			);
			mainGroup = BC91EDA51C91DC4500C704A8;
			productRefGroup = BC91EDAF1C91DC4600C704A8 /* Products */;
			projectDirPath = "";
			projectReferences = (
				{
					ProductGroup = BC9E36201E52599600B8604F /* Products */;
					ProjectRef = BC9E361F1E52599600B8604F /* GPUImage.xcodeproj */;
				},
			);
			projectRoot = "";
			targets = (
				BC91EDAD1C91DC4600C704A8 /* SimpleVideoFilter */,
			);
		};
/* End PBXProject section */

/* Begin PBXReferenceProxy section */
		BC9E36271E52599600B8604F /* GPUImage.framework */ = {
			isa = PBXReferenceProxy;
			fileType = wrapper.framework;
			path = GPUImage.framework;
			remoteRef = BC9E36261E52599600B8604F /* PBXContainerItemProxy */;
			sourceTree = BUILT_PRODUCTS_DIR;
		};
		BC9E36291E52599600B8604F /* GPUImageTests_macOS.xctest */ = {
			isa = PBXReferenceProxy;
			fileType = wrapper.cfbundle;
			path = GPUImageTests_macOS.xctest;
			remoteRef = BC9E36281E52599600B8604F /* PBXContainerItemProxy */;
			sourceTree = BUILT_PRODUCTS_DIR;
		};
		BC9E362B1E52599600B8604F /* GPUImage.framework */ = {
			isa = PBXReferenceProxy;
			fileType = wrapper.framework;
			path = GPUImage.framework;
			remoteRef = BC9E362A1E52599600B8604F /* PBXContainerItemProxy */;
			sourceTree = BUILT_PRODUCTS_DIR;
		};
		BC9E362D1E52599600B8604F /* GPUImageTests_iOS.xctest */ = {
			isa = PBXReferenceProxy;
			fileType = wrapper.cfbundle;
			path = GPUImageTests_iOS.xctest;
			remoteRef = BC9E362C1E52599600B8604F /* PBXContainerItemProxy */;
			sourceTree = BUILT_PRODUCTS_DIR;
		};
/* End PBXReferenceProxy section */

/* Begin PBXResourcesBuildPhase section */
		BC91EDAC1C91DC4600C704A8 /* Resources */ = {
			isa = PBXResourcesBuildPhase;
			buildActionMask = 2147483647;
			files = (
				BC7F5B661CBEA06600C39D33 /* Assets.xcassets in Resources */,
				BC91EDB71C91DC4600C704A8 /* MainMenu.xib in Resources */,
			);
			runOnlyForDeploymentPostprocessing = 0;
		};
/* End PBXResourcesBuildPhase section */

/* Begin PBXSourcesBuildPhase section */
		BC91EDAA1C91DC4600C704A8 /* Sources */ = {
			isa = PBXSourcesBuildPhase;
			buildActionMask = 2147483647;
			files = (
				BC91EDB21C91DC4600C704A8 /* AppDelegate.swift in Sources */,
			);
			runOnlyForDeploymentPostprocessing = 0;
		};
/* End PBXSourcesBuildPhase section */

/* Begin PBXTargetDependency section */
		BC9E362F1E5259A300B8604F /* PBXTargetDependency */ = {
			isa = PBXTargetDependency;
			name = GPUImage_macOS;
			targetProxy = BC9E362E1E5259A300B8604F /* PBXContainerItemProxy */;
		};
/* End PBXTargetDependency section */

/* Begin PBXVariantGroup section */
		BC91EDB51C91DC4600C704A8 /* MainMenu.xib */ = {
			isa = PBXVariantGroup;
			children = (
				BC91EDB61C91DC4600C704A8 /* Base */,
			);
			name = MainMenu.xib;
			sourceTree = "<group>";
		};
/* End PBXVariantGroup section */

/* Begin XCBuildConfiguration section */
		BC91EDB91C91DC4600C704A8 /* Debug */ = {
			isa = XCBuildConfiguration;
			buildSettings = {
				ALWAYS_SEARCH_USER_PATHS = NO;
				CLANG_CXX_LANGUAGE_STANDARD = "gnu++0x";
				CLANG_CXX_LIBRARY = "libc++";
				CLANG_ENABLE_MODULES = YES;
				CLANG_ENABLE_OBJC_ARC = YES;
				CLANG_WARN_BLOCK_CAPTURE_AUTORELEASING = YES;
				CLANG_WARN_BOOL_CONVERSION = YES;
				CLANG_WARN_COMMA = YES;
				CLANG_WARN_CONSTANT_CONVERSION = YES;
				CLANG_WARN_DEPRECATED_OBJC_IMPLEMENTATIONS = YES;
				CLANG_WARN_DIRECT_OBJC_ISA_USAGE = YES_ERROR;
				CLANG_WARN_EMPTY_BODY = YES;
				CLANG_WARN_ENUM_CONVERSION = YES;
				CLANG_WARN_INFINITE_RECURSION = YES;
				CLANG_WARN_INT_CONVERSION = YES;
				CLANG_WARN_NON_LITERAL_NULL_CONVERSION = YES;
				CLANG_WARN_OBJC_IMPLICIT_RETAIN_SELF = YES;
				CLANG_WARN_OBJC_LITERAL_CONVERSION = YES;
				CLANG_WARN_OBJC_ROOT_CLASS = YES_ERROR;
				CLANG_WARN_RANGE_LOOP_ANALYSIS = YES;
				CLANG_WARN_STRICT_PROTOTYPES = YES;
				CLANG_WARN_SUSPICIOUS_MOVE = YES;
				CLANG_WARN_UNREACHABLE_CODE = YES;
				CLANG_WARN__DUPLICATE_METHOD_MATCH = YES;
				CODE_SIGN_IDENTITY = "-";
				COPY_PHASE_STRIP = NO;
				DEBUG_INFORMATION_FORMAT = dwarf;
				ENABLE_STRICT_OBJC_MSGSEND = YES;
				ENABLE_TESTABILITY = YES;
				GCC_C_LANGUAGE_STANDARD = gnu99;
				GCC_DYNAMIC_NO_PIC = NO;
				GCC_NO_COMMON_BLOCKS = YES;
				GCC_OPTIMIZATION_LEVEL = 0;
				GCC_PREPROCESSOR_DEFINITIONS = (
					"DEBUG=1",
					"$(inherited)",
				);
				GCC_WARN_64_TO_32_BIT_CONVERSION = YES;
				GCC_WARN_ABOUT_RETURN_TYPE = YES_ERROR;
				GCC_WARN_UNDECLARED_SELECTOR = YES;
				GCC_WARN_UNINITIALIZED_AUTOS = YES_AGGRESSIVE;
				GCC_WARN_UNUSED_FUNCTION = YES;
				GCC_WARN_UNUSED_VARIABLE = YES;
				MACOSX_DEPLOYMENT_TARGET = 10.9;
				MTL_ENABLE_DEBUG_INFO = YES;
				ONLY_ACTIVE_ARCH = YES;
				SDKROOT = macosx;
				SWIFT_OPTIMIZATION_LEVEL = "-Onone";
			};
			name = Debug;
		};
		BC91EDBA1C91DC4600C704A8 /* Release */ = {
			isa = XCBuildConfiguration;
			buildSettings = {
				ALWAYS_SEARCH_USER_PATHS = NO;
				CLANG_CXX_LANGUAGE_STANDARD = "gnu++0x";
				CLANG_CXX_LIBRARY = "libc++";
				CLANG_ENABLE_MODULES = YES;
				CLANG_ENABLE_OBJC_ARC = YES;
				CLANG_WARN_BLOCK_CAPTURE_AUTORELEASING = YES;
				CLANG_WARN_BOOL_CONVERSION = YES;
				CLANG_WARN_COMMA = YES;
				CLANG_WARN_CONSTANT_CONVERSION = YES;
				CLANG_WARN_DEPRECATED_OBJC_IMPLEMENTATIONS = YES;
				CLANG_WARN_DIRECT_OBJC_ISA_USAGE = YES_ERROR;
				CLANG_WARN_EMPTY_BODY = YES;
				CLANG_WARN_ENUM_CONVERSION = YES;
				CLANG_WARN_INFINITE_RECURSION = YES;
				CLANG_WARN_INT_CONVERSION = YES;
				CLANG_WARN_NON_LITERAL_NULL_CONVERSION = YES;
				CLANG_WARN_OBJC_IMPLICIT_RETAIN_SELF = YES;
				CLANG_WARN_OBJC_LITERAL_CONVERSION = YES;
				CLANG_WARN_OBJC_ROOT_CLASS = YES_ERROR;
				CLANG_WARN_RANGE_LOOP_ANALYSIS = YES;
				CLANG_WARN_STRICT_PROTOTYPES = YES;
				CLANG_WARN_SUSPICIOUS_MOVE = YES;
				CLANG_WARN_UNREACHABLE_CODE = YES;
				CLANG_WARN__DUPLICATE_METHOD_MATCH = YES;
				CODE_SIGN_IDENTITY = "-";
				COPY_PHASE_STRIP = NO;
				DEBUG_INFORMATION_FORMAT = "dwarf-with-dsym";
				ENABLE_NS_ASSERTIONS = NO;
				ENABLE_STRICT_OBJC_MSGSEND = YES;
				GCC_C_LANGUAGE_STANDARD = gnu99;
				GCC_NO_COMMON_BLOCKS = YES;
				GCC_WARN_64_TO_32_BIT_CONVERSION = YES;
				GCC_WARN_ABOUT_RETURN_TYPE = YES_ERROR;
				GCC_WARN_UNDECLARED_SELECTOR = YES;
				GCC_WARN_UNINITIALIZED_AUTOS = YES_AGGRESSIVE;
				GCC_WARN_UNUSED_FUNCTION = YES;
				GCC_WARN_UNUSED_VARIABLE = YES;
				MACOSX_DEPLOYMENT_TARGET = 10.9;
				MTL_ENABLE_DEBUG_INFO = NO;
				SDKROOT = macosx;
			};
			name = Release;
		};
		BC91EDBC1C91DC4600C704A8 /* Debug */ = {
			isa = XCBuildConfiguration;
			buildSettings = {
				ASSETCATALOG_COMPILER_APPICON_NAME = AppIcon;
				COMBINE_HIDPI_IMAGES = YES;
				INFOPLIST_FILE = SimpleVideoFilter/Info.plist;
				LD_RUNPATH_SEARCH_PATHS = "$(inherited) @executable_path/../Frameworks";
				PRODUCT_BUNDLE_IDENTIFIER = com.sunsetlakesoftware.SimpleVideoFilter;
				PRODUCT_NAME = "$(TARGET_NAME)";
				SWIFT_SWIFT3_OBJC_INFERENCE = On;
				SWIFT_VERSION = 4.0;
			};
			name = Debug;
		};
		BC91EDBD1C91DC4600C704A8 /* Release */ = {
			isa = XCBuildConfiguration;
			buildSettings = {
				ASSETCATALOG_COMPILER_APPICON_NAME = AppIcon;
				COMBINE_HIDPI_IMAGES = YES;
				INFOPLIST_FILE = SimpleVideoFilter/Info.plist;
				LD_RUNPATH_SEARCH_PATHS = "$(inherited) @executable_path/../Frameworks";
				PRODUCT_BUNDLE_IDENTIFIER = com.sunsetlakesoftware.SimpleVideoFilter;
				PRODUCT_NAME = "$(TARGET_NAME)";
				SWIFT_OPTIMIZATION_LEVEL = "-Owholemodule";
				SWIFT_SWIFT3_OBJC_INFERENCE = On;
				SWIFT_VERSION = 4.0;
			};
			name = Release;
		};
/* End XCBuildConfiguration section */

/* Begin XCConfigurationList section */
		BC91EDA91C91DC4500C704A8 /* Build configuration list for PBXProject "SimpleVideoFilter" */ = {
			isa = XCConfigurationList;
			buildConfigurations = (
				BC91EDB91C91DC4600C704A8 /* Debug */,
				BC91EDBA1C91DC4600C704A8 /* Release */,
			);
			defaultConfigurationIsVisible = 0;
			defaultConfigurationName = Release;
		};
		BC91EDBB1C91DC4600C704A8 /* Build configuration list for PBXNativeTarget "SimpleVideoFilter" */ = {
			isa = XCConfigurationList;
			buildConfigurations = (
				BC91EDBC1C91DC4600C704A8 /* Debug */,
				BC91EDBD1C91DC4600C704A8 /* Release */,
			);
			defaultConfigurationIsVisible = 0;
			defaultConfigurationName = Release;
		};
/* End XCConfigurationList section */
	};
	rootObject = BC91EDA61C91DC4500C704A8 /* Project object */;
}
