// !$*UTF8*$!
{
	archiveVersion = 1;
	classes = {
	};
	objectVersion = 46;
	objects = {

/* Begin PBXBuildFile section */
		BC9E367C1E525BCF00B8604F /* GPUImage.framework in CopyFiles */ = {isa = PBXBuildFile; fileRef = BC9E36771E525BC000B8604F /* GPUImage.framework */; settings = {ATTRIBUTES = (CodeSignOnCopy, RemoveHeadersOnCopy, ); }; };
		BCC49F931CD6E1D800B63EEB /* AppDelegate.swift in Sources */ = {isa = PBXBuildFile; fileRef = BCC49F921CD6E1D800B63EEB /* AppDelegate.swift */; };
		BCC49F951CD6E1D800B63EEB /* ViewController.swift in Sources */ = {isa = PBXBuildFile; fileRef = BCC49F941CD6E1D800B63EEB /* ViewController.swift */; };
		BCC49F981CD6E1D800B63EEB /* Main.storyboard in Resources */ = {isa = PBXBuildFile; fileRef = BCC49F961CD6E1D800B63EEB /* Main.storyboard */; };
		BCC49F9D1CD6E1D800B63EEB /* LaunchScreen.storyboard in Resources */ = {isa = PBXBuildFile; fileRef = BCC49F9B1CD6E1D800B63EEB /* LaunchScreen.storyboard */; };
		BCC49FA61CD6E20000B63EEB /* sample_iPod.m4v in Resources */ = {isa = PBXBuildFile; fileRef = BCC49FA51CD6E20000B63EEB /* sample_iPod.m4v */; };
/* End PBXBuildFile section */

/* Begin PBXContainerItemProxy section */
		BC9E36721E525BC000B8604F /* PBXContainerItemProxy */ = {
			isa = PBXContainerItemProxy;
			containerPortal = BC9E366B1E525BC000B8604F /* GPUImage.xcodeproj */;
			proxyType = 2;
			remoteGlobalIDString = BC6E7CAB1C39A9D8006DF678;
			remoteInfo = GPUImage_macOS;
		};
		BC9E36741E525BC000B8604F /* PBXContainerItemProxy */ = {
			isa = PBXContainerItemProxy;
			containerPortal = BC9E366B1E525BC000B8604F /* GPUImage.xcodeproj */;
			proxyType = 2;
			remoteGlobalIDString = BC6E7CB51C39A9D8006DF678;
			remoteInfo = GPUImageTests_macOS;
		};
		BC9E36761E525BC000B8604F /* PBXContainerItemProxy */ = {
			isa = PBXContainerItemProxy;
			containerPortal = BC9E366B1E525BC000B8604F /* GPUImage.xcodeproj */;
			proxyType = 2;
			remoteGlobalIDString = BC9E34E91E524A2200B8604F;
			remoteInfo = GPUImage_iOS;
		};
		BC9E36781E525BC000B8604F /* PBXContainerItemProxy */ = {
			isa = PBXContainerItemProxy;
			containerPortal = BC9E366B1E525BC000B8604F /* GPUImage.xcodeproj */;
			proxyType = 2;
			remoteGlobalIDString = BC9E34F11E524A2200B8604F;
			remoteInfo = GPUImageTests_iOS;
		};
		BC9E367A1E525BCA00B8604F /* PBXContainerItemProxy */ = {
			isa = PBXContainerItemProxy;
			containerPortal = BC9E366B1E525BC000B8604F /* GPUImage.xcodeproj */;
			proxyType = 1;
			remoteGlobalIDString = BC9E34E81E524A2200B8604F;
			remoteInfo = GPUImage_iOS;
		};
/* End PBXContainerItemProxy section */

/* Begin PBXCopyFilesBuildPhase section */
		BCC49FB31CD6E22200B63EEB /* CopyFiles */ = {
			isa = PBXCopyFilesBuildPhase;
			buildActionMask = 2147483647;
			dstPath = "";
			dstSubfolderSpec = 10;
			files = (
				BC9E367C1E525BCF00B8604F /* GPUImage.framework in CopyFiles */,
			);
			runOnlyForDeploymentPostprocessing = 0;
		};
/* End PBXCopyFilesBuildPhase section */

/* Begin PBXFileReference section */
		BC9E366B1E525BC000B8604F /* GPUImage.xcodeproj */ = {isa = PBXFileReference; lastKnownFileType = "wrapper.pb-project"; name = GPUImage.xcodeproj; path = ../../../../framework/GPUImage.xcodeproj; sourceTree = "<group>"; };
		BCC49F8F1CD6E1D800B63EEB /* SimpleMovieFilter.app */ = {isa = PBXFileReference; explicitFileType = wrapper.application; includeInIndex = 0; path = SimpleMovieFilter.app; sourceTree = BUILT_PRODUCTS_DIR; };
		BCC49F921CD6E1D800B63EEB /* AppDelegate.swift */ = {isa = PBXFileReference; lastKnownFileType = sourcecode.swift; path = AppDelegate.swift; sourceTree = "<group>"; };
		BCC49F941CD6E1D800B63EEB /* ViewController.swift */ = {isa = PBXFileReference; lastKnownFileType = sourcecode.swift; path = ViewController.swift; sourceTree = "<group>"; };
		BCC49F971CD6E1D800B63EEB /* Base */ = {isa = PBXFileReference; lastKnownFileType = file.storyboard; name = Base; path = Base.lproj/Main.storyboard; sourceTree = "<group>"; };
		BCC49F9C1CD6E1D800B63EEB /* Base */ = {isa = PBXFileReference; lastKnownFileType = file.storyboard; name = Base; path = Base.lproj/LaunchScreen.storyboard; sourceTree = "<group>"; };
		BCC49F9E1CD6E1D800B63EEB /* Info.plist */ = {isa = PBXFileReference; lastKnownFileType = text.plist.xml; path = Info.plist; sourceTree = "<group>"; };
		BCC49FA51CD6E20000B63EEB /* sample_iPod.m4v */ = {isa = PBXFileReference; lastKnownFileType = file; name = sample_iPod.m4v; path = ../../../SharedAssets/sample_iPod.m4v; sourceTree = "<group>"; };
/* End PBXFileReference section */

/* Begin PBXFrameworksBuildPhase section */
		BCC49F8C1CD6E1D800B63EEB /* Frameworks */ = {
			isa = PBXFrameworksBuildPhase;
			buildActionMask = 2147483647;
			files = (
			);
			runOnlyForDeploymentPostprocessing = 0;
		};
/* End PBXFrameworksBuildPhase section */

/* Begin PBXGroup section */
		BC9E366C1E525BC000B8604F /* Products */ = {
			isa = PBXGroup;
			children = (
				BC9E36731E525BC000B8604F /* GPUImage.framework */,
				BC9E36751E525BC000B8604F /* GPUImage.xctest */,
				BC9E36771E525BC000B8604F /* GPUImage.framework */,
				BC9E36791E525BC000B8604F /* GPUImageTests_iOS.xctest */,
			);
			name = Products;
			sourceTree = "<group>";
		};
		BCC49F861CD6E1D800B63EEB = {
			isa = PBXGroup;
			children = (
				BCC49F911CD6E1D800B63EEB /* Application */,
				BCC49FA41CD6E1E300B63EEB /* Resources */,
				BCC49F901CD6E1D800B63EEB /* Products */,
			);
			sourceTree = "<group>";
		};
		BCC49F901CD6E1D800B63EEB /* Products */ = {
			isa = PBXGroup;
			children = (
				BCC49F8F1CD6E1D800B63EEB /* SimpleMovieFilter.app */,
			);
			name = Products;
			sourceTree = "<group>";
		};
		BCC49F911CD6E1D800B63EEB /* Application */ = {
			isa = PBXGroup;
			children = (
				BCC49F921CD6E1D800B63EEB /* AppDelegate.swift */,
				BCC49F941CD6E1D800B63EEB /* ViewController.swift */,
				BCC49F961CD6E1D800B63EEB /* Main.storyboard */,
				BC9E366B1E525BC000B8604F /* GPUImage.xcodeproj */,
			);
			name = Application;
			path = SimpleMovieFilter;
			sourceTree = "<group>";
		};
		BCC49FA41CD6E1E300B63EEB /* Resources */ = {
			isa = PBXGroup;
			children = (
				BCC49FA51CD6E20000B63EEB /* sample_iPod.m4v */,
				BCC49F9B1CD6E1D800B63EEB /* LaunchScreen.storyboard */,
				BCC49F9E1CD6E1D800B63EEB /* Info.plist */,
			);
			name = Resources;
			path = SimpleMovieFilter;
			sourceTree = "<group>";
		};
/* End PBXGroup section */

/* Begin PBXNativeTarget section */
		BCC49F8E1CD6E1D800B63EEB /* SimpleMovieFilter */ = {
			isa = PBXNativeTarget;
			buildConfigurationList = BCC49FA11CD6E1D800B63EEB /* Build configuration list for PBXNativeTarget "SimpleMovieFilter" */;
			buildPhases = (
				BCC49F8B1CD6E1D800B63EEB /* Sources */,
				BCC49F8C1CD6E1D800B63EEB /* Frameworks */,
				BCC49F8D1CD6E1D800B63EEB /* Resources */,
				BCC49FB31CD6E22200B63EEB /* CopyFiles */,
			);
			buildRules = (
			);
			dependencies = (
				BC9E367B1E525BCA00B8604F /* PBXTargetDependency */,
			);
			name = SimpleMovieFilter;
			productName = SimpleMovieFilter;
			productReference = BCC49F8F1CD6E1D800B63EEB /* SimpleMovieFilter.app */;
			productType = "com.apple.product-type.application";
		};
/* End PBXNativeTarget section */

/* Begin PBXProject section */
		BCC49F871CD6E1D800B63EEB /* Project object */ = {
			isa = PBXProject;
			attributes = {
				LastSwiftUpdateCheck = 0730;
				LastUpgradeCheck = 0730;
				ORGANIZATIONNAME = "Sunset Lake Software LLC";
				TargetAttributes = {
					BCC49F8E1CD6E1D800B63EEB = {
						CreatedOnToolsVersion = 7.3;
						LastSwiftMigration = 0800;
					};
				};
			};
			buildConfigurationList = BCC49F8A1CD6E1D800B63EEB /* Build configuration list for PBXProject "SimpleMovieFilter" */;
			compatibilityVersion = "Xcode 3.2";
			developmentRegion = English;
			hasScannedForEncodings = 0;
			knownRegions = (
				en,
				Base,
			);
			mainGroup = BCC49F861CD6E1D800B63EEB;
			productRefGroup = BCC49F901CD6E1D800B63EEB /* Products */;
			projectDirPath = "";
			projectReferences = (
				{
					ProductGroup = BC9E366C1E525BC000B8604F /* Products */;
					ProjectRef = BC9E366B1E525BC000B8604F /* GPUImage.xcodeproj */;
				},
			);
			projectRoot = "";
			targets = (
				BCC49F8E1CD6E1D800B63EEB /* SimpleMovieFilter */,
			);
		};
/* End PBXProject section */

/* Begin PBXReferenceProxy section */
		BC9E36731E525BC000B8604F /* GPUImage.framework */ = {
			isa = PBXReferenceProxy;
			fileType = wrapper.framework;
			path = GPUImage.framework;
			remoteRef = BC9E36721E525BC000B8604F /* PBXContainerItemProxy */;
			sourceTree = BUILT_PRODUCTS_DIR;
		};
		BC9E36751E525BC000B8604F /* GPUImage.xctest */ = {
			isa = PBXReferenceProxy;
			fileType = wrapper.cfbundle;
			path = GPUImage.xctest;
			remoteRef = BC9E36741E525BC000B8604F /* PBXContainerItemProxy */;
			sourceTree = BUILT_PRODUCTS_DIR;
		};
		BC9E36771E525BC000B8604F /* GPUImage.framework */ = {
			isa = PBXReferenceProxy;
			fileType = wrapper.framework;
			path = GPUImage.framework;
			remoteRef = BC9E36761E525BC000B8604F /* PBXContainerItemProxy */;
			sourceTree = BUILT_PRODUCTS_DIR;
		};
		BC9E36791E525BC000B8604F /* GPUImageTests_iOS.xctest */ = {
			isa = PBXReferenceProxy;
			fileType = wrapper.cfbundle;
			path = GPUImageTests_iOS.xctest;
			remoteRef = BC9E36781E525BC000B8604F /* PBXContainerItemProxy */;
			sourceTree = BUILT_PRODUCTS_DIR;
		};
/* End PBXReferenceProxy section */

/* Begin PBXResourcesBuildPhase section */
		BCC49F8D1CD6E1D800B63EEB /* Resources */ = {
			isa = PBXResourcesBuildPhase;
			buildActionMask = 2147483647;
			files = (
				BCC49FA61CD6E20000B63EEB /* sample_iPod.m4v in Resources */,
				BCC49F9D1CD6E1D800B63EEB /* LaunchScreen.storyboard in Resources */,
				BCC49F981CD6E1D800B63EEB /* Main.storyboard in Resources */,
			);
			runOnlyForDeploymentPostprocessing = 0;
		};
/* End PBXResourcesBuildPhase section */

/* Begin PBXSourcesBuildPhase section */
		BCC49F8B1CD6E1D800B63EEB /* Sources */ = {
			isa = PBXSourcesBuildPhase;
			buildActionMask = 2147483647;
			files = (
				BCC49F951CD6E1D800B63EEB /* ViewController.swift in Sources */,
				BCC49F931CD6E1D800B63EEB /* AppDelegate.swift in Sources */,
			);
			runOnlyForDeploymentPostprocessing = 0;
		};
/* End PBXSourcesBuildPhase section */

/* Begin PBXTargetDependency section */
		BC9E367B1E525BCA00B8604F /* PBXTargetDependency */ = {
			isa = PBXTargetDependency;
			name = GPUImage_iOS;
			targetProxy = BC9E367A1E525BCA00B8604F /* PBXContainerItemProxy */;
		};
/* End PBXTargetDependency section */

/* Begin PBXVariantGroup section */
		BCC49F961CD6E1D800B63EEB /* Main.storyboard */ = {
			isa = PBXVariantGroup;
			children = (
				BCC49F971CD6E1D800B63EEB /* Base */,
			);
			name = Main.storyboard;
			sourceTree = "<group>";
		};
		BCC49F9B1CD6E1D800B63EEB /* LaunchScreen.storyboard */ = {
			isa = PBXVariantGroup;
			children = (
				BCC49F9C1CD6E1D800B63EEB /* Base */,
			);
			name = LaunchScreen.storyboard;
			sourceTree = "<group>";
		};
/* End PBXVariantGroup section */

/* Begin XCBuildConfiguration section */
		BCC49F9F1CD6E1D800B63EEB /* Debug */ = {
			isa = XCBuildConfiguration;
			buildSettings = {
				ALWAYS_SEARCH_USER_PATHS = NO;
				CLANG_ANALYZER_NONNULL = YES;
				CLANG_CXX_LANGUAGE_STANDARD = "gnu++0x";
				CLANG_CXX_LIBRARY = "libc++";
				CLANG_ENABLE_MODULES = YES;
				CLANG_ENABLE_OBJC_ARC = YES;
				CLANG_WARN_BOOL_CONVERSION = YES;
				CLANG_WARN_CONSTANT_CONVERSION = YES;
				CLANG_WARN_DIRECT_OBJC_ISA_USAGE = YES_ERROR;
				CLANG_WARN_EMPTY_BODY = YES;
				CLANG_WARN_ENUM_CONVERSION = YES;
				CLANG_WARN_INT_CONVERSION = YES;
				CLANG_WARN_OBJC_ROOT_CLASS = YES_ERROR;
				CLANG_WARN_UNREACHABLE_CODE = YES;
				CLANG_WARN__DUPLICATE_METHOD_MATCH = YES;
				"CODE_SIGN_IDENTITY[sdk=iphoneos*]" = "iPhone Developer";
				COPY_PHASE_STRIP = NO;
				DEBUG_INFORMATION_FORMAT = dwarf;
				ENABLE_STRICT_OBJC_MSGSEND = YES;
				ENABLE_TESTABILITY = YES;
				GCC_C_LANGUAGE_STANDARD = gnu99;
				GCC_DYNAMIC_NO_PIC = NO;
				GCC_NO_COMMON_BLOCKS = YES;
				GCC_OPTIMIZATION_LEVEL = 0;
				GCC_PREPROCESSOR_DEFINITIONS = (
					"DEBUG=1",
					"$(inherited)",
				);
				GCC_WARN_64_TO_32_BIT_CONVERSION = YES;
				GCC_WARN_ABOUT_RETURN_TYPE = YES_ERROR;
				GCC_WARN_UNDECLARED_SELECTOR = YES;
				GCC_WARN_UNINITIALIZED_AUTOS = YES_AGGRESSIVE;
				GCC_WARN_UNUSED_FUNCTION = YES;
				GCC_WARN_UNUSED_VARIABLE = YES;
				IPHONEOS_DEPLOYMENT_TARGET = 8.0;
				MTL_ENABLE_DEBUG_INFO = YES;
				ONLY_ACTIVE_ARCH = YES;
				SDKROOT = iphoneos;
				SWIFT_OPTIMIZATION_LEVEL = "-Onone";
				TARGETED_DEVICE_FAMILY = "1,2";
			};
			name = Debug;
		};
		BCC49FA01CD6E1D800B63EEB /* Release */ = {
			isa = XCBuildConfiguration;
			buildSettings = {
				ALWAYS_SEARCH_USER_PATHS = NO;
				CLANG_ANALYZER_NONNULL = YES;
				CLANG_CXX_LANGUAGE_STANDARD = "gnu++0x";
				CLANG_CXX_LIBRARY = "libc++";
				CLANG_ENABLE_MODULES = YES;
				CLANG_ENABLE_OBJC_ARC = YES;
				CLANG_WARN_BOOL_CONVERSION = YES;
				CLANG_WARN_CONSTANT_CONVERSION = YES;
				CLANG_WARN_DIRECT_OBJC_ISA_USAGE = YES_ERROR;
				CLANG_WARN_EMPTY_BODY = YES;
				CLANG_WARN_ENUM_CONVERSION = YES;
				CLANG_WARN_INT_CONVERSION = YES;
				CLANG_WARN_OBJC_ROOT_CLASS = YES_ERROR;
				CLANG_WARN_UNREACHABLE_CODE = YES;
				CLANG_WARN__DUPLICATE_METHOD_MATCH = YES;
				"CODE_SIGN_IDENTITY[sdk=iphoneos*]" = "iPhone Developer";
				COPY_PHASE_STRIP = NO;
				DEBUG_INFORMATION_FORMAT = "dwarf-with-dsym";
				ENABLE_NS_ASSERTIONS = NO;
				ENABLE_STRICT_OBJC_MSGSEND = YES;
				GCC_C_LANGUAGE_STANDARD = gnu99;
				GCC_NO_COMMON_BLOCKS = YES;
				GCC_WARN_64_TO_32_BIT_CONVERSION = YES;
				GCC_WARN_ABOUT_RETURN_TYPE = YES_ERROR;
				GCC_WARN_UNDECLARED_SELECTOR = YES;
				GCC_WARN_UNINITIALIZED_AUTOS = YES_AGGRESSIVE;
				GCC_WARN_UNUSED_FUNCTION = YES;
				GCC_WARN_UNUSED_VARIABLE = YES;
				IPHONEOS_DEPLOYMENT_TARGET = 8.0;
				MTL_ENABLE_DEBUG_INFO = NO;
				SDKROOT = iphoneos;
				TARGETED_DEVICE_FAMILY = "1,2";
				VALIDATE_PRODUCT = YES;
			};
			name = Release;
		};
		BCC49FA21CD6E1D800B63EEB /* Debug */ = {
			isa = XCBuildConfiguration;
			buildSettings = {
				ASSETCATALOG_COMPILER_APPICON_NAME = AppIcon;
				DEVELOPMENT_TEAM = "";
				INFOPLIST_FILE = SimpleMovieFilter/Info.plist;
				LD_RUNPATH_SEARCH_PATHS = "$(inherited) @executable_path/Frameworks";
				PRODUCT_BUNDLE_IDENTIFIER = com.sunsetlakesoftware.SimpleMovieFilter;
				PRODUCT_NAME = "$(TARGET_NAME)";
				SWIFT_VERSION = 3.0;
			};
			name = Debug;
		};
		BCC49FA31CD6E1D800B63EEB /* Release */ = {
			isa = XCBuildConfiguration;
			buildSettings = {
				ASSETCATALOG_COMPILER_APPICON_NAME = AppIcon;
				DEVELOPMENT_TEAM = "";
				INFOPLIST_FILE = SimpleMovieFilter/Info.plist;
				LD_RUNPATH_SEARCH_PATHS = "$(inherited) @executable_path/Frameworks";
				PRODUCT_BUNDLE_IDENTIFIER = com.sunsetlakesoftware.SimpleMovieFilter;
				PRODUCT_NAME = "$(TARGET_NAME)";
				SWIFT_VERSION = 3.0;
			};
			name = Release;
		};
/* End XCBuildConfiguration section */

/* Begin XCConfigurationList section */
		BCC49F8A1CD6E1D800B63EEB /* Build configuration list for PBXProject "SimpleMovieFilter" */ = {
			isa = XCConfigurationList;
			buildConfigurations = (
				BCC49F9F1CD6E1D800B63EEB /* Debug */,
				BCC49FA01CD6E1D800B63EEB /* Release */,
			);
			defaultConfigurationIsVisible = 0;
			defaultConfigurationName = Release;
		};
		BCC49FA11CD6E1D800B63EEB /* Build configuration list for PBXNativeTarget "SimpleMovieFilter" */ = {
			isa = XCConfigurationList;
			buildConfigurations = (
				BCC49FA21CD6E1D800B63EEB /* Debug */,
				BCC49FA31CD6E1D800B63EEB /* Release */,
			);
			defaultConfigurationIsVisible = 0;
			defaultConfigurationName = Release;
		};
/* End XCConfigurationList section */
	};
	rootObject = BCC49F871CD6E1D800B63EEB /* Project object */;
}
